// !$*UTF8*$!
{
	archiveVersion = 1;
	classes = {
	};
	objectVersion = 77;
	objects = {

/* Begin PBXBuildFile section */
		06D7B35EF39572C788EEA5E1 /* SettingsView.swift in Sources */ = {isa = PBXBuildFile; fileRef = 67FA4CD0C634E35AE8A56305 /* SettingsView.swift */; };
		154B8870CE80CF4AD29D8226 /* GoogleAIService.swift in Sources */ = {isa = PBXBuildFile; fileRef = B83A53B85B3CB3EFBC9F9389 /* GoogleAIService.swift */; };
		1B778F3F742D51F19AF34113 /* TravelDay.swift in Sources */ = {isa = PBXBuildFile; fileRef = D32AB57310AA1E255D0FF460 /* TravelDay.swift */; };
		3457679691F9C61C331A5AAD /* WanderTypography.swift in Sources */ = {isa = PBXBuildFile; fileRef = 27E913D21309F23DFAC47B1C /* WanderTypography.swift */; };
		3B9443DFDB1CE7954776ECC0 /* OnboardingIntroView.swift in Sources */ = {isa = PBXBuildFile; fileRef = 5989A12B232DB900FA252CF3 /* OnboardingIntroView.swift */; };
		3C7CD4C0564F38E74B8EB35E /* PhotoItem.swift in Sources */ = {isa = PBXBuildFile; fileRef = F11A9995D042E8266AEEF596 /* PhotoItem.swift */; };
		401F0F1CE1B9EABCD2D71209 /* AnalyzingView.swift in Sources */ = {isa = PBXBuildFile; fileRef = A58893162BD06ECDCDA96B6A /* AnalyzingView.swift */; };
		41E300A4405045DD409D5FA9 /* ContentView.swift in Sources */ = {isa = PBXBuildFile; fileRef = D51B4D96904A88F17FCEDF0C /* ContentView.swift */; };
		540B273D1E8F92D62FD3CEE6 /* OnboardingPhotoView.swift in Sources */ = {isa = PBXBuildFile; fileRef = 7BDC82ABF9DB755ECA0B69E0 /* OnboardingPhotoView.swift */; };
		571EEEDE259E9D468204DAAF /* PhotoSelectionView.swift in Sources */ = {isa = PBXBuildFile; fileRef = 4E6FCA8AF89107AA1A681BE8 /* PhotoSelectionView.swift */; };
		5AE2A5F8D26942F3BD7358F1 /* OnboardingLocationView.swift in Sources */ = {isa = PBXBuildFile; fileRef = AADA581AA1B63216B34086C1 /* OnboardingLocationView.swift */; };
		68296BEF19751744F2E96941 /* AnalysisEngine.swift in Sources */ = {isa = PBXBuildFile; fileRef = B68785E679F65AB40EAF888D /* AnalysisEngine.swift */; };
		68C9C4F8DBDD77FAF0329C54 /* HomeView.swift in Sources */ = {isa = PBXBuildFile; fileRef = 2D159347FCDC44AD0120B147 /* HomeView.swift */; };
		6A01487B492939612E6BDEDA /* AIStoryView.swift in Sources */ = {isa = PBXBuildFile; fileRef = 103DE727B96D53981C6197C4 /* AIStoryView.swift */; };
		751A2972E76920FF3D6FB66B /* KeychainManager.swift in Sources */ = {isa = PBXBuildFile; fileRef = 73183A726FDF526C78A4DEF7 /* KeychainManager.swift */; };
		79E5783510FB1E69E2003B4F /* WanderColors.swift in Sources */ = {isa = PBXBuildFile; fileRef = 0C7C9E0DF1C8C2E3C8D5164B /* WanderColors.swift */; };
		82B1B0EAD84505B551706FE2 /* GeocodingService.swift in Sources */ = {isa = PBXBuildFile; fileRef = 764FB5507753C9FCEDA6310C /* GeocodingService.swift */; };
		917A09663D46342EF150944B /* ActivityInferenceService.swift in Sources */ = {isa = PBXBuildFile; fileRef = 6F8D1BCB0B76A4B78253DAD2 /* ActivityInferenceService.swift */; };
		95BEE76B3673EB1D875288E1 /* AnthropicService.swift in Sources */ = {isa = PBXBuildFile; fileRef = 3DECC3A33EDADF952604AF51 /* AnthropicService.swift */; };
		9D7E270A4419591FCC9418C1 /* Assets.xcassets in Resources */ = {isa = PBXBuildFile; fileRef = 1FA3A94673E649CAB283D798 /* Assets.xcassets */; };
		A25089AD601F47DCC1DA7BF9 /* ClusteringService.swift in Sources */ = {isa = PBXBuildFile; fileRef = 3881765410920805E8E63290 /* ClusteringService.swift */; };
		ADA3D6A857DA9EEC387D8F0B /* PhotoSelectionViewModel.swift in Sources */ = {isa = PBXBuildFile; fileRef = 74A80A73AF84DC0DF5CDBCA5 /* PhotoSelectionViewModel.swift */; };
		B88F11C8EC476D3DB4D26194 /* Place.swift in Sources */ = {isa = PBXBuildFile; fileRef = 4F5C5BBA95CC778655ADDEE3 /* Place.swift */; };
		BE975E61B6F748D4749A8062 /* OpenAIService.swift in Sources */ = {isa = PBXBuildFile; fileRef = E299756317EC3EDAF793DD65 /* OpenAIService.swift */; };
		C6B483A846611F5C47805D89 /* SplashView.swift in Sources */ = {isa = PBXBuildFile; fileRef = FFFD1D05FE7C12A250BCABE1 /* SplashView.swift */; };
		C6F45014D4E4AD45CA27D6A8 /* WanderSpacing.swift in Sources */ = {isa = PBXBuildFile; fileRef = 2C176F0945D37E98219E4347 /* WanderSpacing.swift */; };
		C7E4338EA3FBE76496BC86C4 /* OnboardingContainerView.swift in Sources */ = {isa = PBXBuildFile; fileRef = 236FC67B2D5FE36573239035 /* OnboardingContainerView.swift */; };
		E55B852473000EF498F1B0EA /* RecordsView.swift in Sources */ = {isa = PBXBuildFile; fileRef = D4BDB68CF4F57746D7AF6F6C /* RecordsView.swift */; };
		F053FEAC293BBEFDFA6F1A06 /* ResultView.swift in Sources */ = {isa = PBXBuildFile; fileRef = 1CE9F664E03D6DBD0C97AE6E /* ResultView.swift */; };
		F0B56A8F65147DECD8344DA3 /* TravelRecord.swift in Sources */ = {isa = PBXBuildFile; fileRef = B27D468AA704F3E844714452 /* TravelRecord.swift */; };
		F0EEF6703154148EC1994A3B /* MapDetailView.swift in Sources */ = {isa = PBXBuildFile; fileRef = B9F4F32B5C6B9C8CD73F7B41 /* MapDetailView.swift */; };
		FA83756C2DCE71CA3DEF2678 /* AIServiceProtocol.swift in Sources */ = {isa = PBXBuildFile; fileRef = 01DA78D53A168F6F953CAB10 /* AIServiceProtocol.swift */; };
		FF32092CD15E0A707B20C7E8 /* WanderApp.swift in Sources */ = {isa = PBXBuildFile; fileRef = 10F5AF74E8976C19CA1F2931 /* WanderApp.swift */; };
/* End PBXBuildFile section */

/* Begin PBXFileReference section */
		01DA78D53A168F6F953CAB10 /* AIServiceProtocol.swift */ = {isa = PBXFileReference; lastKnownFileType = sourcecode.swift; path = AIServiceProtocol.swift; sourceTree = "<group>"; };
		0C7C9E0DF1C8C2E3C8D5164B /* WanderColors.swift */ = {isa = PBXFileReference; lastKnownFileType = sourcecode.swift; path = WanderColors.swift; sourceTree = "<group>"; };
		103DE727B96D53981C6197C4 /* AIStoryView.swift */ = {isa = PBXFileReference; lastKnownFileType = sourcecode.swift; path = AIStoryView.swift; sourceTree = "<group>"; };
		10F5AF74E8976C19CA1F2931 /* WanderApp.swift */ = {isa = PBXFileReference; lastKnownFileType = sourcecode.swift; path = WanderApp.swift; sourceTree = "<group>"; };
		1CE9F664E03D6DBD0C97AE6E /* ResultView.swift */ = {isa = PBXFileReference; lastKnownFileType = sourcecode.swift; path = ResultView.swift; sourceTree = "<group>"; };
		1FA3A94673E649CAB283D798 /* Assets.xcassets */ = {isa = PBXFileReference; lastKnownFileType = folder.assetcatalog; path = Assets.xcassets; sourceTree = "<group>"; };
		236FC67B2D5FE36573239035 /* OnboardingContainerView.swift */ = {isa = PBXFileReference; lastKnownFileType = sourcecode.swift; path = OnboardingContainerView.swift; sourceTree = "<group>"; };
		27E913D21309F23DFAC47B1C /* WanderTypography.swift */ = {isa = PBXFileReference; lastKnownFileType = sourcecode.swift; path = WanderTypography.swift; sourceTree = "<group>"; };
		2C176F0945D37E98219E4347 /* WanderSpacing.swift */ = {isa = PBXFileReference; lastKnownFileType = sourcecode.swift; path = WanderSpacing.swift; sourceTree = "<group>"; };
		2D159347FCDC44AD0120B147 /* HomeView.swift */ = {isa = PBXFileReference; lastKnownFileType = sourcecode.swift; path = HomeView.swift; sourceTree = "<group>"; };
		3881765410920805E8E63290 /* ClusteringService.swift */ = {isa = PBXFileReference; lastKnownFileType = sourcecode.swift; path = ClusteringService.swift; sourceTree = "<group>"; };
		3DECC3A33EDADF952604AF51 /* AnthropicService.swift */ = {isa = PBXFileReference; lastKnownFileType = sourcecode.swift; path = AnthropicService.swift; sourceTree = "<group>"; };
		4E6FCA8AF89107AA1A681BE8 /* PhotoSelectionView.swift */ = {isa = PBXFileReference; lastKnownFileType = sourcecode.swift; path = PhotoSelectionView.swift; sourceTree = "<group>"; };
		4F5C5BBA95CC778655ADDEE3 /* Place.swift */ = {isa = PBXFileReference; lastKnownFileType = sourcecode.swift; path = Place.swift; sourceTree = "<group>"; };
		5989A12B232DB900FA252CF3 /* OnboardingIntroView.swift */ = {isa = PBXFileReference; lastKnownFileType = sourcecode.swift; path = OnboardingIntroView.swift; sourceTree = "<group>"; };
		67FA4CD0C634E35AE8A56305 /* SettingsView.swift */ = {isa = PBXFileReference; lastKnownFileType = sourcecode.swift; path = SettingsView.swift; sourceTree = "<group>"; };
		6F8D1BCB0B76A4B78253DAD2 /* ActivityInferenceService.swift */ = {isa = PBXFileReference; lastKnownFileType = sourcecode.swift; path = ActivityInferenceService.swift; sourceTree = "<group>"; };
		73183A726FDF526C78A4DEF7 /* KeychainManager.swift */ = {isa = PBXFileReference; lastKnownFileType = sourcecode.swift; path = KeychainManager.swift; sourceTree = "<group>"; };
		74A80A73AF84DC0DF5CDBCA5 /* PhotoSelectionViewModel.swift */ = {isa = PBXFileReference; lastKnownFileType = sourcecode.swift; path = PhotoSelectionViewModel.swift; sourceTree = "<group>"; };
		764FB5507753C9FCEDA6310C /* GeocodingService.swift */ = {isa = PBXFileReference; lastKnownFileType = sourcecode.swift; path = GeocodingService.swift; sourceTree = "<group>"; };
		7A02BE0AE86E482916C8F103 /* Wander.app */ = {isa = PBXFileReference; includeInIndex = 0; lastKnownFileType = wrapper.application; path = Wander.app; sourceTree = BUILT_PRODUCTS_DIR; };
		7BDC82ABF9DB755ECA0B69E0 /* OnboardingPhotoView.swift */ = {isa = PBXFileReference; lastKnownFileType = sourcecode.swift; path = OnboardingPhotoView.swift; sourceTree = "<group>"; };
		A58893162BD06ECDCDA96B6A /* AnalyzingView.swift */ = {isa = PBXFileReference; lastKnownFileType = sourcecode.swift; path = AnalyzingView.swift; sourceTree = "<group>"; };
		AADA581AA1B63216B34086C1 /* OnboardingLocationView.swift */ = {isa = PBXFileReference; lastKnownFileType = sourcecode.swift; path = OnboardingLocationView.swift; sourceTree = "<group>"; };
		B27D468AA704F3E844714452 /* TravelRecord.swift */ = {isa = PBXFileReference; lastKnownFileType = sourcecode.swift; path = TravelRecord.swift; sourceTree = "<group>"; };
		B68785E679F65AB40EAF888D /* AnalysisEngine.swift */ = {isa = PBXFileReference; lastKnownFileType = sourcecode.swift; path = AnalysisEngine.swift; sourceTree = "<group>"; };
		B83A53B85B3CB3EFBC9F9389 /* GoogleAIService.swift */ = {isa = PBXFileReference; lastKnownFileType = sourcecode.swift; path = GoogleAIService.swift; sourceTree = "<group>"; };
		B9F4F32B5C6B9C8CD73F7B41 /* MapDetailView.swift */ = {isa = PBXFileReference; lastKnownFileType = sourcecode.swift; path = MapDetailView.swift; sourceTree = "<group>"; };
		D32AB57310AA1E255D0FF460 /* TravelDay.swift */ = {isa = PBXFileReference; lastKnownFileType = sourcecode.swift; path = TravelDay.swift; sourceTree = "<group>"; };
		D4BDB68CF4F57746D7AF6F6C /* RecordsView.swift */ = {isa = PBXFileReference; lastKnownFileType = sourcecode.swift; path = RecordsView.swift; sourceTree = "<group>"; };
		D51B4D96904A88F17FCEDF0C /* ContentView.swift */ = {isa = PBXFileReference; lastKnownFileType = sourcecode.swift; path = ContentView.swift; sourceTree = "<group>"; };
		E299756317EC3EDAF793DD65 /* OpenAIService.swift */ = {isa = PBXFileReference; lastKnownFileType = sourcecode.swift; path = OpenAIService.swift; sourceTree = "<group>"; };
		F11A9995D042E8266AEEF596 /* PhotoItem.swift */ = {isa = PBXFileReference; lastKnownFileType = sourcecode.swift; path = PhotoItem.swift; sourceTree = "<group>"; };
		FFFD1D05FE7C12A250BCABE1 /* SplashView.swift */ = {isa = PBXFileReference; lastKnownFileType = sourcecode.swift; path = SplashView.swift; sourceTree = "<group>"; };
/* End PBXFileReference section */

/* Begin PBXGroup section */
		006CCADDBDD21E79D6C92C7D /* Core */ = {
			isa = PBXGroup;
			children = (
				552D33558AF054E2031ED1D3 /* Design */,
				D0F1CFB43E77E6651F89A75D /* Utilities */,
			);
			path = Core;
			sourceTree = "<group>";
		};
		0E3F068FDAECC148F80E1433 = {
			isa = PBXGroup;
			children = (
				9288559BAC3E57C7F277F761 /* App */,
				006CCADDBDD21E79D6C92C7D /* Core */,
				F575923943473BAFDE703210 /* Models */,
				DD0BEEE12BA8E6618E8AA730 /* Resources */,
				DE610A1CA90D882FBE4B0718 /* Services */,
				741E8BA325E1BD445AC364F1 /* ViewModels */,
				BCCA588619BB51137E6D550D /* Views */,
				D51B4D96904A88F17FCEDF0C /* ContentView.swift */,
				10F5AF74E8976C19CA1F2931 /* WanderApp.swift */,
				F2F4ECD0469D370B01FDE9BB /* Products */,
			);
			sourceTree = "<group>";
		};
		0E434F9AB97B40385202037B /* AnalysisService */ = {
			isa = PBXGroup;
			children = (
				6F8D1BCB0B76A4B78253DAD2 /* ActivityInferenceService.swift */,
				B68785E679F65AB40EAF888D /* AnalysisEngine.swift */,
				3881765410920805E8E63290 /* ClusteringService.swift */,
			);
			path = AnalysisService;
			sourceTree = "<group>";
		};
		0EFFF345C6CCFBC3068AC8FF /* Launch */ = {
			isa = PBXGroup;
			children = (
				FFFD1D05FE7C12A250BCABE1 /* SplashView.swift */,
			);
			path = Launch;
			sourceTree = "<group>";
		};
		3392D5D54968AD65A2604BF2 /* Analysis */ = {
			isa = PBXGroup;
			children = (
				A58893162BD06ECDCDA96B6A /* AnalyzingView.swift */,
			);
			path = Analysis;
			sourceTree = "<group>";
		};
		4634F62FDD4ADC77AE6CA4B0 /* SwiftData */ = {
			isa = PBXGroup;
			children = (
				F11A9995D042E8266AEEF596 /* PhotoItem.swift */,
				4F5C5BBA95CC778655ADDEE3 /* Place.swift */,
				D32AB57310AA1E255D0FF460 /* TravelDay.swift */,
				B27D468AA704F3E844714452 /* TravelRecord.swift */,
			);
			path = SwiftData;
			sourceTree = "<group>";
		};
		552D33558AF054E2031ED1D3 /* Design */ = {
			isa = PBXGroup;
			children = (
				0C7C9E0DF1C8C2E3C8D5164B /* WanderColors.swift */,
				2C176F0945D37E98219E4347 /* WanderSpacing.swift */,
				27E913D21309F23DFAC47B1C /* WanderTypography.swift */,
			);
			path = Design;
			sourceTree = "<group>";
		};
		5D42AAFB293BCA8CB8D82EA2 /* Result */ = {
			isa = PBXGroup;
			children = (
				103DE727B96D53981C6197C4 /* AIStoryView.swift */,
				B9F4F32B5C6B9C8CD73F7B41 /* MapDetailView.swift */,
				1CE9F664E03D6DBD0C97AE6E /* ResultView.swift */,
			);
			path = Result;
			sourceTree = "<group>";
		};
		646136F222FBE8776922806C /* AIService */ = {
			isa = PBXGroup;
			children = (
				01DA78D53A168F6F953CAB10 /* AIServiceProtocol.swift */,
				3DECC3A33EDADF952604AF51 /* AnthropicService.swift */,
				B83A53B85B3CB3EFBC9F9389 /* GoogleAIService.swift */,
				E299756317EC3EDAF793DD65 /* OpenAIService.swift */,
			);
			path = AIService;
			sourceTree = "<group>";
		};
		65CA908A962BD01CF4B2D8C8 /* LocationService */ = {
			isa = PBXGroup;
			children = (
				764FB5507753C9FCEDA6310C /* GeocodingService.swift */,
			);
			path = LocationService;
			sourceTree = "<group>";
		};
		7138932B04FBCD1E9157545C /* PhotoSelection */ = {
			isa = PBXGroup;
			children = (
				74A80A73AF84DC0DF5CDBCA5 /* PhotoSelectionViewModel.swift */,
			);
			path = PhotoSelection;
			sourceTree = "<group>";
		};
		71A00D22192B49D221223004 /* Home */ = {
			isa = PBXGroup;
			children = (
				2D159347FCDC44AD0120B147 /* HomeView.swift */,
			);
			path = Home;
			sourceTree = "<group>";
		};
		741E8BA325E1BD445AC364F1 /* ViewModels */ = {
			isa = PBXGroup;
			children = (
				7138932B04FBCD1E9157545C /* PhotoSelection */,
			);
			path = ViewModels;
			sourceTree = "<group>";
		};
		751B0D159D1A9B8A354EF868 /* Records */ = {
			isa = PBXGroup;
			children = (
				D4BDB68CF4F57746D7AF6F6C /* RecordsView.swift */,
			);
			path = Records;
			sourceTree = "<group>";
		};
		9288559BAC3E57C7F277F761 /* App */ = {
			isa = PBXGroup;
			children = (
			);
			path = App;
			sourceTree = "<group>";
		};
		BCCA588619BB51137E6D550D /* Views */ = {
			isa = PBXGroup;
			children = (
				3392D5D54968AD65A2604BF2 /* Analysis */,
				71A00D22192B49D221223004 /* Home */,
				0EFFF345C6CCFBC3068AC8FF /* Launch */,
				F55277BF95635A3AE6FBE71C /* Onboarding */,
				EB08FBA24C38A7B14815BA33 /* PhotoSelection */,
				751B0D159D1A9B8A354EF868 /* Records */,
				5D42AAFB293BCA8CB8D82EA2 /* Result */,
				E536121B41C725BADEE15BAA /* Settings */,
			);
			path = Views;
			sourceTree = "<group>";
		};
		D0F1CFB43E77E6651F89A75D /* Utilities */ = {
			isa = PBXGroup;
			children = (
				73183A726FDF526C78A4DEF7 /* KeychainManager.swift */,
			);
			path = Utilities;
			sourceTree = "<group>";
		};
		DD0BEEE12BA8E6618E8AA730 /* Resources */ = {
			isa = PBXGroup;
			children = (
				1FA3A94673E649CAB283D798 /* Assets.xcassets */,
			);
			path = Resources;
			sourceTree = "<group>";
		};
		DE610A1CA90D882FBE4B0718 /* Services */ = {
			isa = PBXGroup;
			children = (
				646136F222FBE8776922806C /* AIService */,
				0E434F9AB97B40385202037B /* AnalysisService */,
				65CA908A962BD01CF4B2D8C8 /* LocationService */,
			);
			path = Services;
			sourceTree = "<group>";
		};
		E536121B41C725BADEE15BAA /* Settings */ = {
			isa = PBXGroup;
			children = (
				67FA4CD0C634E35AE8A56305 /* SettingsView.swift */,
			);
			path = Settings;
			sourceTree = "<group>";
		};
		EB08FBA24C38A7B14815BA33 /* PhotoSelection */ = {
			isa = PBXGroup;
			children = (
				4E6FCA8AF89107AA1A681BE8 /* PhotoSelectionView.swift */,
			);
			path = PhotoSelection;
			sourceTree = "<group>";
		};
		F2F4ECD0469D370B01FDE9BB /* Products */ = {
			isa = PBXGroup;
			children = (
				7A02BE0AE86E482916C8F103 /* Wander.app */,
			);
			name = Products;
			sourceTree = "<group>";
		};
		F55277BF95635A3AE6FBE71C /* Onboarding */ = {
			isa = PBXGroup;
			children = (
				236FC67B2D5FE36573239035 /* OnboardingContainerView.swift */,
				5989A12B232DB900FA252CF3 /* OnboardingIntroView.swift */,
				AADA581AA1B63216B34086C1 /* OnboardingLocationView.swift */,
				7BDC82ABF9DB755ECA0B69E0 /* OnboardingPhotoView.swift */,
			);
			path = Onboarding;
			sourceTree = "<group>";
		};
		F575923943473BAFDE703210 /* Models */ = {
			isa = PBXGroup;
			children = (
				4634F62FDD4ADC77AE6CA4B0 /* SwiftData */,
			);
			path = Models;
			sourceTree = "<group>";
		};
		"TEMP_FFE925BC-D5A3-42A2-8C29-8AFA368074BB" /* Common */ = {
			isa = PBXGroup;
			children = (
			);
			path = Common;
			sourceTree = "<group>";
		};
/* End PBXGroup section */

/* Begin PBXNativeTarget section */
		DAEABFB4D177DCC30394FDDE /* Wander */ = {
			isa = PBXNativeTarget;
			buildConfigurationList = 48F40F5E41FF1B36B60E64DD /* Build configuration list for PBXNativeTarget "Wander" */;
			buildPhases = (
				253A78D5C405C147FE022694 /* Sources */,
				565C39457D48A6461B4D97A9 /* Resources */,
			);
			buildRules = (
			);
			dependencies = (
			);
			name = Wander;
			packageProductDependencies = (
			);
			productName = Wander;
			productReference = 7A02BE0AE86E482916C8F103 /* Wander.app */;
			productType = "com.apple.product-type.application";
		};
/* End PBXNativeTarget section */

/* Begin PBXProject section */
		15ACB6487E48F756B4649314 /* Project object */ = {
			isa = PBXProject;
			attributes = {
				BuildIndependentTargetsInParallel = YES;
				LastUpgradeCheck = 1500;
				TargetAttributes = {
					DAEABFB4D177DCC30394FDDE = {
						DevelopmentTeam = "";
					};
				};
			};
			buildConfigurationList = F9B4DCBD13A5F3108CE22518 /* Build configuration list for PBXProject "Wander" */;
			compatibilityVersion = "Xcode 14.0";
			developmentRegion = en;
			hasScannedForEncodings = 0;
			knownRegions = (
				Base,
				en,
			);
			mainGroup = 0E3F068FDAECC148F80E1433;
			minimizedProjectReferenceProxies = 1;
			preferredProjectObjectVersion = 77;
			projectDirPath = "";
			projectRoot = "";
			targets = (
				DAEABFB4D177DCC30394FDDE /* Wander */,
			);
		};
/* End PBXProject section */

/* Begin PBXResourcesBuildPhase section */
		565C39457D48A6461B4D97A9 /* Resources */ = {
			isa = PBXResourcesBuildPhase;
			buildActionMask = 2147483647;
			files = (
				9D7E270A4419591FCC9418C1 /* Assets.xcassets in Resources */,
			);
			runOnlyForDeploymentPostprocessing = 0;
		};
/* End PBXResourcesBuildPhase section */

/* Begin PBXSourcesBuildPhase section */
		253A78D5C405C147FE022694 /* Sources */ = {
			isa = PBXSourcesBuildPhase;
			buildActionMask = 2147483647;
			files = (
				FA83756C2DCE71CA3DEF2678 /* AIServiceProtocol.swift in Sources */,
				6A01487B492939612E6BDEDA /* AIStoryView.swift in Sources */,
				917A09663D46342EF150944B /* ActivityInferenceService.swift in Sources */,
				68296BEF19751744F2E96941 /* AnalysisEngine.swift in Sources */,
				401F0F1CE1B9EABCD2D71209 /* AnalyzingView.swift in Sources */,
				95BEE76B3673EB1D875288E1 /* AnthropicService.swift in Sources */,
				A25089AD601F47DCC1DA7BF9 /* ClusteringService.swift in Sources */,
				41E300A4405045DD409D5FA9 /* ContentView.swift in Sources */,
				82B1B0EAD84505B551706FE2 /* GeocodingService.swift in Sources */,
				154B8870CE80CF4AD29D8226 /* GoogleAIService.swift in Sources */,
				68C9C4F8DBDD77FAF0329C54 /* HomeView.swift in Sources */,
				751A2972E76920FF3D6FB66B /* KeychainManager.swift in Sources */,
				F0EEF6703154148EC1994A3B /* MapDetailView.swift in Sources */,
				C7E4338EA3FBE76496BC86C4 /* OnboardingContainerView.swift in Sources */,
				3B9443DFDB1CE7954776ECC0 /* OnboardingIntroView.swift in Sources */,
				5AE2A5F8D26942F3BD7358F1 /* OnboardingLocationView.swift in Sources */,
				540B273D1E8F92D62FD3CEE6 /* OnboardingPhotoView.swift in Sources */,
				BE975E61B6F748D4749A8062 /* OpenAIService.swift in Sources */,
				3C7CD4C0564F38E74B8EB35E /* PhotoItem.swift in Sources */,
				571EEEDE259E9D468204DAAF /* PhotoSelectionView.swift in Sources */,
				ADA3D6A857DA9EEC387D8F0B /* PhotoSelectionViewModel.swift in Sources */,
				B88F11C8EC476D3DB4D26194 /* Place.swift in Sources */,
				E55B852473000EF498F1B0EA /* RecordsView.swift in Sources */,
				F053FEAC293BBEFDFA6F1A06 /* ResultView.swift in Sources */,
				06D7B35EF39572C788EEA5E1 /* SettingsView.swift in Sources */,
				C6B483A846611F5C47805D89 /* SplashView.swift in Sources */,
				1B778F3F742D51F19AF34113 /* TravelDay.swift in Sources */,
				F0B56A8F65147DECD8344DA3 /* TravelRecord.swift in Sources */,
				FF32092CD15E0A707B20C7E8 /* WanderApp.swift in Sources */,
				79E5783510FB1E69E2003B4F /* WanderColors.swift in Sources */,
				C6F45014D4E4AD45CA27D6A8 /* WanderSpacing.swift in Sources */,
				3457679691F9C61C331A5AAD /* WanderTypography.swift in Sources */,
			);
			runOnlyForDeploymentPostprocessing = 0;
		};
/* End PBXSourcesBuildPhase section */

/* Begin XCBuildConfiguration section */
		1E3A51C39136BA462B778946 /* Debug */ = {
			isa = XCBuildConfiguration;
			buildSettings = {
				ASSETCATALOG_COMPILER_APPICON_NAME = AppIcon;
				CODE_SIGN_IDENTITY = "iPhone Developer";
				GENERATE_INFOPLIST_FILE = YES;
				INFOPLIST_KEY_NSLocationWhenInUseUsageDescription = "GPS 좌표를 주소로 변환하여 장소 이름을 자동으로 표시합니다.";
				INFOPLIST_KEY_NSPhotoLibraryAddUsageDescription = "생성된 카드 이미지를 사진 앨범에 저장합니다.";
				INFOPLIST_KEY_NSPhotoLibraryUsageDescription = "사진의 촬영 시간과 위치 정보를 분석하여 여행 기록을 만들어 드립니다.";
				INFOPLIST_KEY_UIApplicationSceneManifest_Generation = YES;
				INFOPLIST_KEY_UILaunchScreen_Generation = YES;
				INFOPLIST_KEY_UIStatusBarStyle = UIStatusBarStyleDefault;
				INFOPLIST_KEY_UISupportedInterfaceOrientations = UIInterfaceOrientationPortrait;
				INFOPLIST_KEY_UISupportedInterfaceOrientations_iPhone = UIInterfaceOrientationPortrait;
				LD_RUNPATH_SEARCH_PATHS = (
					"$(inherited)",
					"@executable_path/Frameworks",
				);
				PRODUCT_BUNDLE_IDENTIFIER = com.zerolive.wander;
				SDKROOT = iphoneos;
				TARGETED_DEVICE_FAMILY = "1,2";
			};
			name = Debug;
		};
		98BE6269A1618DE2ECCB47B5 /* Release */ = {
			isa = XCBuildConfiguration;
			buildSettings = {
				ALWAYS_SEARCH_USER_PATHS = NO;
				ASSETCATALOG_COMPILER_APPICON_NAME = AppIcon;
				ASSETCATALOG_COMPILER_GLOBAL_ACCENT_COLOR_NAME = AccentColor;
				CLANG_ANALYZER_NONNULL = YES;
				CLANG_ANALYZER_NUMBER_OBJECT_CONVERSION = YES_AGGRESSIVE;
				CLANG_CXX_LANGUAGE_STANDARD = "gnu++14";
				CLANG_CXX_LIBRARY = "libc++";
				CLANG_ENABLE_MODULES = YES;
				CLANG_ENABLE_OBJC_ARC = YES;
				CLANG_ENABLE_OBJC_WEAK = YES;
				CLANG_WARN_BLOCK_CAPTURE_AUTORELEASING = YES;
				CLANG_WARN_BOOL_CONVERSION = YES;
				CLANG_WARN_COMMA = YES;
				CLANG_WARN_CONSTANT_CONVERSION = YES;
				CLANG_WARN_DEPRECATED_OBJC_IMPLEMENTATIONS = YES;
				CLANG_WARN_DIRECT_OBJC_ISA_USAGE = YES_ERROR;
				CLANG_WARN_DOCUMENTATION_COMMENTS = YES;
				CLANG_WARN_EMPTY_BODY = YES;
				CLANG_WARN_ENUM_CONVERSION = YES;
				CLANG_WARN_INFINITE_RECURSION = YES;
				CLANG_WARN_INT_CONVERSION = YES;
				CLANG_WARN_NON_LITERAL_NULL_CONVERSION = YES;
				CLANG_WARN_OBJC_IMPLICIT_RETAIN_SELF = YES;
				CLANG_WARN_OBJC_LITERAL_CONVERSION = YES;
				CLANG_WARN_OBJC_ROOT_CLASS = YES_ERROR;
				CLANG_WARN_QUOTED_INCLUDE_IN_FRAMEWORK_HEADER = YES;
				CLANG_WARN_RANGE_LOOP_ANALYSIS = YES;
				CLANG_WARN_STRICT_PROTOTYPES = YES;
				CLANG_WARN_SUSPICIOUS_MOVE = YES;
				CLANG_WARN_UNGUARDED_AVAILABILITY = YES_AGGRESSIVE;
				CLANG_WARN_UNREACHABLE_CODE = YES;
				CLANG_WARN__DUPLICATE_METHOD_MATCH = YES;
				COPY_PHASE_STRIP = NO;
				CURRENT_PROJECT_VERSION = 1;
				DEBUG_INFORMATION_FORMAT = "dwarf-with-dsym";
				DEVELOPMENT_TEAM = "";
				ENABLE_NS_ASSERTIONS = NO;
				ENABLE_STRICT_OBJC_MSGSEND = YES;
				GCC_C_LANGUAGE_STANDARD = gnu11;
				GCC_NO_COMMON_BLOCKS = YES;
				GCC_WARN_64_TO_32_BIT_CONVERSION = YES;
				GCC_WARN_ABOUT_RETURN_TYPE = YES_ERROR;
				GCC_WARN_UNDECLARED_SELECTOR = YES;
				GCC_WARN_UNINITIALIZED_AUTOS = YES_AGGRESSIVE;
				GCC_WARN_UNUSED_FUNCTION = YES;
				GCC_WARN_UNUSED_VARIABLE = YES;
				INFOPLIST_KEY_CFBundleDisplayName = Wander;
				INFOPLIST_KEY_LSApplicationCategoryType = "public.app-category.travel";
				IPHONEOS_DEPLOYMENT_TARGET = 17.0;
				MARKETING_VERSION = 1.0.0;
				MTL_ENABLE_DEBUG_INFO = NO;
				MTL_FAST_MATH = YES;
				PRODUCT_NAME = "$(TARGET_NAME)";
				SDKROOT = iphoneos;
				SWIFT_COMPILATION_MODE = wholemodule;
				SWIFT_EMIT_LOC_STRINGS = YES;
				SWIFT_OPTIMIZATION_LEVEL = "-O";
				SWIFT_VERSION = 5.9;
			};
			name = Release;
		};
		98C77DC356FB1881F7298017 /* Debug */ = {
			isa = XCBuildConfiguration;
			buildSettings = {
				ALWAYS_SEARCH_USER_PATHS = NO;
				ASSETCATALOG_COMPILER_APPICON_NAME = AppIcon;
				ASSETCATALOG_COMPILER_GLOBAL_ACCENT_COLOR_NAME = AccentColor;
				CLANG_ANALYZER_NONNULL = YES;
				CLANG_ANALYZER_NUMBER_OBJECT_CONVERSION = YES_AGGRESSIVE;
				CLANG_CXX_LANGUAGE_STANDARD = "gnu++14";
				CLANG_CXX_LIBRARY = "libc++";
				CLANG_ENABLE_MODULES = YES;
				CLANG_ENABLE_OBJC_ARC = YES;
				CLANG_ENABLE_OBJC_WEAK = YES;
				CLANG_WARN_BLOCK_CAPTURE_AUTORELEASING = YES;
				CLANG_WARN_BOOL_CONVERSION = YES;
				CLANG_WARN_COMMA = YES;
				CLANG_WARN_CONSTANT_CONVERSION = YES;
				CLANG_WARN_DEPRECATED_OBJC_IMPLEMENTATIONS = YES;
				CLANG_WARN_DIRECT_OBJC_ISA_USAGE = YES_ERROR;
				CLANG_WARN_DOCUMENTATION_COMMENTS = YES;
				CLANG_WARN_EMPTY_BODY = YES;
				CLANG_WARN_ENUM_CONVERSION = YES;
				CLANG_WARN_INFINITE_RECURSION = YES;
				CLANG_WARN_INT_CONVERSION = YES;
				CLANG_WARN_NON_LITERAL_NULL_CONVERSION = YES;
				CLANG_WARN_OBJC_IMPLICIT_RETAIN_SELF = YES;
				CLANG_WARN_OBJC_LITERAL_CONVERSION = YES;
				CLANG_WARN_OBJC_ROOT_CLASS = YES_ERROR;
				CLANG_WARN_QUOTED_INCLUDE_IN_FRAMEWORK_HEADER = YES;
				CLANG_WARN_RANGE_LOOP_ANALYSIS = YES;
				CLANG_WARN_STRICT_PROTOTYPES = YES;
				CLANG_WARN_SUSPICIOUS_MOVE = YES;
				CLANG_WARN_UNGUARDED_AVAILABILITY = YES_AGGRESSIVE;
				CLANG_WARN_UNREACHABLE_CODE = YES;
				CLANG_WARN__DUPLICATE_METHOD_MATCH = YES;
				COPY_PHASE_STRIP = NO;
				CURRENT_PROJECT_VERSION = 1;
				DEBUG_INFORMATION_FORMAT = dwarf;
				DEVELOPMENT_TEAM = "";
				ENABLE_STRICT_OBJC_MSGSEND = YES;
				ENABLE_TESTABILITY = YES;
				GCC_C_LANGUAGE_STANDARD = gnu11;
				GCC_DYNAMIC_NO_PIC = NO;
				GCC_NO_COMMON_BLOCKS = YES;
				GCC_OPTIMIZATION_LEVEL = 0;
				GCC_PREPROCESSOR_DEFINITIONS = (
					"$(inherited)",
					"DEBUG=1",
				);
				GCC_WARN_64_TO_32_BIT_CONVERSION = YES;
				GCC_WARN_ABOUT_RETURN_TYPE = YES_ERROR;
				GCC_WARN_UNDECLARED_SELECTOR = YES;
				GCC_WARN_UNINITIALIZED_AUTOS = YES_AGGRESSIVE;
				GCC_WARN_UNUSED_FUNCTION = YES;
				GCC_WARN_UNUSED_VARIABLE = YES;
				INFOPLIST_KEY_CFBundleDisplayName = Wander;
				INFOPLIST_KEY_LSApplicationCategoryType = "public.app-category.travel";
				IPHONEOS_DEPLOYMENT_TARGET = 17.0;
				MARKETING_VERSION = 1.0.0;
				MTL_ENABLE_DEBUG_INFO = INCLUDE_SOURCE;
				MTL_FAST_MATH = YES;
				ONLY_ACTIVE_ARCH = YES;
				PRODUCT_NAME = "$(TARGET_NAME)";
				SDKROOT = iphoneos;
				SWIFT_ACTIVE_COMPILATION_CONDITIONS = DEBUG;
				SWIFT_EMIT_LOC_STRINGS = YES;
				SWIFT_OPTIMIZATION_LEVEL = "-Onone";
				SWIFT_VERSION = 5.9;
			};
			name = Debug;
		};
		C514CDA863C7F4D1F8C6CF5E /* Release */ = {
			isa = XCBuildConfiguration;
			buildSettings = {
				ASSETCATALOG_COMPILER_APPICON_NAME = AppIcon;
				CODE_SIGN_IDENTITY = "iPhone Developer";
				GENERATE_INFOPLIST_FILE = YES;
				INFOPLIST_KEY_NSLocationWhenInUseUsageDescription = "GPS 좌표를 주소로 변환하여 장소 이름을 자동으로 표시합니다.";
				INFOPLIST_KEY_NSPhotoLibraryAddUsageDescription = "생성된 카드 이미지를 사진 앨범에 저장합니다.";
				INFOPLIST_KEY_NSPhotoLibraryUsageDescription = "사진의 촬영 시간과 위치 정보를 분석하여 여행 기록을 만들어 드립니다.";
				INFOPLIST_KEY_UIApplicationSceneManifest_Generation = YES;
				INFOPLIST_KEY_UILaunchScreen_Generation = YES;
				INFOPLIST_KEY_UIStatusBarStyle = UIStatusBarStyleDefault;
				INFOPLIST_KEY_UISupportedInterfaceOrientations = UIInterfaceOrientationPortrait;
				INFOPLIST_KEY_UISupportedInterfaceOrientations_iPhone = UIInterfaceOrientationPortrait;
				LD_RUNPATH_SEARCH_PATHS = (
					"$(inherited)",
					"@executable_path/Frameworks",
				);
				PRODUCT_BUNDLE_IDENTIFIER = com.zerolive.wander;
				SDKROOT = iphoneos;
				TARGETED_DEVICE_FAMILY = "1,2";
			};
			name = Release;
		};
/* End XCBuildConfiguration section */

/* Begin XCConfigurationList section */
		48F40F5E41FF1B36B60E64DD /* Build configuration list for PBXNativeTarget "Wander" */ = {
			isa = XCConfigurationList;
			buildConfigurations = (
				1E3A51C39136BA462B778946 /* Debug */,
				C514CDA863C7F4D1F8C6CF5E /* Release */,
			);
			defaultConfigurationIsVisible = 0;
			defaultConfigurationName = Debug;
		};
		F9B4DCBD13A5F3108CE22518 /* Build configuration list for PBXProject "Wander" */ = {
			isa = XCConfigurationList;
			buildConfigurations = (
				98C77DC356FB1881F7298017 /* Debug */,
				98BE6269A1618DE2ECCB47B5 /* Release */,
			);
			defaultConfigurationIsVisible = 0;
			defaultConfigurationName = Debug;
		};
/* End XCConfigurationList section */
	};
	rootObject = 15ACB6487E48F756B4649314 /* Project object */;
}
