// !$*UTF8*$!
{
	archiveVersion = 1;
	classes = {
	};
	objectVersion = 77;
	objects = {

/* Begin PBXBuildFile section */
		043030A3BAC541ADC9988206 /* DeepLinkHandler.swift in Sources */ = {isa = PBXBuildFile; fileRef = 48C2930B2954A0FA03525F02 /* DeepLinkHandler.swift */; };
		06D7B35EF39572C788EEA5E1 /* SettingsView.swift in Sources */ = {isa = PBXBuildFile; fileRef = 67FA4CD0C634E35AE8A56305 /* SettingsView.swift */; };
		0A7171E399B8E6CE09028DEB /* PhotoGridView.swift in Sources */ = {isa = PBXBuildFile; fileRef = 0D126520642C6777182425ED /* PhotoGridView.swift */; };
		0D237927C341F94E2FC7FA70 /* CategoryManagementView.swift in Sources */ = {isa = PBXBuildFile; fileRef = 0D0EBE6F7FB20C8D0B311B1B /* CategoryManagementView.swift */; };
		14BDD3CB250E61809905CCA8 /* EncryptionService.swift in Sources */ = {isa = PBXBuildFile; fileRef = C972CF3FC1179310A3A5B120 /* EncryptionService.swift */; };
		154B8870CE80CF4AD29D8226 /* GoogleAIService.swift in Sources */ = {isa = PBXBuildFile; fileRef = B83A53B85B3CB3EFBC9F9389 /* GoogleAIService.swift */; };
		162526B63217224392D9C2A4 /* AuthenticationManager.swift in Sources */ = {isa = PBXBuildFile; fileRef = BEE8AE4F756798668F7908BA /* AuthenticationManager.swift */; };
		1B778F3F742D51F19AF34113 /* TravelDay.swift in Sources */ = {isa = PBXBuildFile; fileRef = D32AB57310AA1E255D0FF460 /* TravelDay.swift */; };
		1F0D588284A12A308B3E26A4 /* Parchment in Frameworks */ = {isa = PBXBuildFile; productRef = BA7A184A0033F895D75B92DC /* Parchment */; };
		2007C00381E804521F30B32F /* CustomTabBar.swift in Sources */ = {isa = PBXBuildFile; fileRef = 0B6FAB7EB462FD834AECFD82 /* CustomTabBar.swift */; };
		218898B6406DB973013FF149 /* PINInputView.swift in Sources */ = {isa = PBXBuildFile; fileRef = 4AADF1D249A64201CBBE0C0E /* PINInputView.swift */; };
		2C44996E0D5C53D1AC99D108 /* PhotoAssetManager.swift in Sources */ = {isa = PBXBuildFile; fileRef = DF96E387E814CDBFBEB8B48D /* PhotoAssetManager.swift */; };
		2FA78DAC6E34FEC7D7873E37 /* RecordCategory.swift in Sources */ = {isa = PBXBuildFile; fileRef = D0CD43949F9457AC53E42E55 /* RecordCategory.swift */; };
		314C73C7451053F4575F1682 /* SecuritySettingsView.swift in Sources */ = {isa = PBXBuildFile; fileRef = FF6AA40563506181824E5E9B /* SecuritySettingsView.swift */; };
		322E30152377039EF8A56E4C /* CloudKitManager.swift in Sources */ = {isa = PBXBuildFile; fileRef = F02DC39DD3799E8D228F7AC2 /* CloudKitManager.swift */; };
		3457679691F9C61C331A5AAD /* WanderTypography.swift in Sources */ = {isa = PBXBuildFile; fileRef = 27E913D21309F23DFAC47B1C /* WanderTypography.swift */; };
		3B9443DFDB1CE7954776ECC0 /* OnboardingIntroView.swift in Sources */ = {isa = PBXBuildFile; fileRef = 5989A12B232DB900FA252CF3 /* OnboardingIntroView.swift */; };
		3C7CD4C0564F38E74B8EB35E /* PhotoItem.swift in Sources */ = {isa = PBXBuildFile; fileRef = F11A9995D042E8266AEEF596 /* PhotoItem.swift */; };
		401F0F1CE1B9EABCD2D71209 /* AnalyzingView.swift in Sources */ = {isa = PBXBuildFile; fileRef = A58893162BD06ECDCDA96B6A /* AnalyzingView.swift */; };
		41E300A4405045DD409D5FA9 /* ContentView.swift in Sources */ = {isa = PBXBuildFile; fileRef = D51B4D96904A88F17FCEDF0C /* ContentView.swift */; };
		424A106CBA6CD123BB59E430 /* POIService.swift in Sources */ = {isa = PBXBuildFile; fileRef = 8D7C9C8E5EAD16FB1DAE1505 /* POIService.swift */; };
		4DB789C654D43D102841B291 /* StoryWeavingService.swift in Sources */ = {isa = PBXBuildFile; fileRef = 552F612D89E707B00B2EA8D2 /* StoryWeavingService.swift */; };
		50F8201796C6E1E4847EE2A1 /* P2PShareReceiveView.swift in Sources */ = {isa = PBXBuildFile; fileRef = 36C069BA84E07EAB5C33B939 /* P2PShareReceiveView.swift */; };
		540B273D1E8F92D62FD3CEE6 /* OnboardingPhotoView.swift in Sources */ = {isa = PBXBuildFile; fileRef = 7BDC82ABF9DB755ECA0B69E0 /* OnboardingPhotoView.swift */; };
		5463082D465010C0A0B8A259 /* PhotoPickerWithAnalysis.swift in Sources */ = {isa = PBXBuildFile; fileRef = AC0CBE09260806CB2AAD4064 /* PhotoPickerWithAnalysis.swift */; };
		548BB56B851023E7AFDD984B /* P2PShareOptionsView.swift in Sources */ = {isa = PBXBuildFile; fileRef = 623543159C8E418CA0DDF655 /* P2PShareOptionsView.swift */; };
		571EEEDE259E9D468204DAAF /* PhotoSelectionView.swift in Sources */ = {isa = PBXBuildFile; fileRef = 4E6FCA8AF89107AA1A681BE8 /* PhotoSelectionView.swift */; };
		5AE2A5F8D26942F3BD7358F1 /* OnboardingLocationView.swift in Sources */ = {isa = PBXBuildFile; fileRef = AADA581AA1B63216B34086C1 /* OnboardingLocationView.swift */; };
		5D3970760A5FBB3B71277401 /* SharedRecordView.swift in Sources */ = {isa = PBXBuildFile; fileRef = F242F2CC4CD8BCDD67576C8F /* SharedRecordView.swift */; };
		662C1DF240D714D991D4E734 /* InsightEngine.swift in Sources */ = {isa = PBXBuildFile; fileRef = DA7DA165A04E52CBA9BEE364 /* InsightEngine.swift */; };
		68296BEF19751744F2E96941 /* AnalysisEngine.swift in Sources */ = {isa = PBXBuildFile; fileRef = B68785E679F65AB40EAF888D /* AnalysisEngine.swift */; };
		68C9C4F8DBDD77FAF0329C54 /* HomeView.swift in Sources */ = {isa = PBXBuildFile; fileRef = 2D159347FCDC44AD0120B147 /* HomeView.swift */; };
		6A01487B492939612E6BDEDA /* AIStoryView.swift in Sources */ = {isa = PBXBuildFile; fileRef = 103DE727B96D53981C6197C4 /* AIStoryView.swift */; };
		6A13DEE7D2114E8B0B08F085 /* ShareOptionsView.swift in Sources */ = {isa = PBXBuildFile; fileRef = 486B453BE75AAE359852A572 /* ShareOptionsView.swift */; };
		6D19CF3CAE6452A471969657 /* TravelDNAService.swift in Sources */ = {isa = PBXBuildFile; fileRef = 953B95F6FB0056049B156B74 /* TravelDNAService.swift */; };
		727F27153B4A5097AED8BCF1 /* VisionAnalysisService.swift in Sources */ = {isa = PBXBuildFile; fileRef = 7AB95868705E6631BD09FC9E /* VisionAnalysisService.swift */; };
		751A2972E76920FF3D6FB66B /* KeychainManager.swift in Sources */ = {isa = PBXBuildFile; fileRef = 73183A726FDF526C78A4DEF7 /* KeychainManager.swift */; };
		759BCAA9B5512CE590D7688D /* UserPlace.swift in Sources */ = {isa = PBXBuildFile; fileRef = A36ACDDAC531F92F047DB92A /* UserPlace.swift */; };
		782B5A556318C0E5AD610FDD /* SmartTitleGenerator.swift in Sources */ = {isa = PBXBuildFile; fileRef = 332FA1629C7E84DF34729782 /* SmartTitleGenerator.swift */; };
		79E5783510FB1E69E2003B4F /* WanderColors.swift in Sources */ = {isa = PBXBuildFile; fileRef = 0C7C9E0DF1C8C2E3C8D5164B /* WanderColors.swift */; };
		7D135F833DC00414F55AB8E6 /* CustomPhotoPickerView.swift in Sources */ = {isa = PBXBuildFile; fileRef = 5F710E0F68D4E2FCA3CC8365 /* CustomPhotoPickerView.swift */; };
		7FA3DD3142179C0493845CF3 /* UserPlacesView.swift in Sources */ = {isa = PBXBuildFile; fileRef = 1F46543A2C21475AB01A6987 /* UserPlacesView.swift */; };
		82B1B0EAD84505B551706FE2 /* GeocodingService.swift in Sources */ = {isa = PBXBuildFile; fileRef = 764FB5507753C9FCEDA6310C /* GeocodingService.swift */; };
		85A936E43597E7A8B753BDEE /* SmartAnalysisCoordinator.swift in Sources */ = {isa = PBXBuildFile; fileRef = 217433C96F4EFEB3A3EBBB27 /* SmartAnalysisCoordinator.swift */; };
		86D51E37AF66682FE7CF7DAA /* ShareFlowView.swift in Sources */ = {isa = PBXBuildFile; fileRef = 8C30BB36C55D44C9BCF95AD9 /* ShareFlowView.swift */; };
		8D3C0983E0024D1EEFAC3235 /* HiddenRecordsView.swift in Sources */ = {isa = PBXBuildFile; fileRef = 633958D39C0ED4A820EA8046 /* HiddenRecordsView.swift */; };
		917A09663D46342EF150944B /* ActivityInferenceService.swift in Sources */ = {isa = PBXBuildFile; fileRef = 6F8D1BCB0B76A4B78253DAD2 /* ActivityInferenceService.swift */; };
		926963EDC47AB754A8FE2D39 /* P2PShareService.swift in Sources */ = {isa = PBXBuildFile; fileRef = 00BAB4E1378A1D621B2733EB /* P2PShareService.swift */; };
		95BEE76B3673EB1D875288E1 /* AnthropicService.swift in Sources */ = {isa = PBXBuildFile; fileRef = 3DECC3A33EDADF952604AF51 /* AnthropicService.swift */; };
		9D7E270A4419591FCC9418C1 /* Assets.xcassets in Resources */ = {isa = PBXBuildFile; fileRef = 1FA3A94673E649CAB283D798 /* Assets.xcassets */; };
		9DFD0BD1ABE5CF7C1A97A2D8 /* GlassPanelView.swift in Sources */ = {isa = PBXBuildFile; fileRef = 7899308E90808D7AB5000657 /* GlassPanelView.swift */; };
		A25089AD601F47DCC1DA7BF9 /* ClusteringService.swift in Sources */ = {isa = PBXBuildFile; fileRef = 3881765410920805E8E63290 /* ClusteringService.swift */; };
		A830C878DD79B7DED7A1E419 /* MomentScoreService.swift in Sources */ = {isa = PBXBuildFile; fileRef = 65CB7F9E05FBA5F785330A38 /* MomentScoreService.swift */; };
		AC0989B60AB5E39B03A638C8 /* ShareModels.swift in Sources */ = {isa = PBXBuildFile; fileRef = 8323C36CCA16E5E2018936CE /* ShareModels.swift */; };
		ADA3D6A857DA9EEC387D8F0B /* PhotoSelectionViewModel.swift in Sources */ = {isa = PBXBuildFile; fileRef = 74A80A73AF84DC0DF5CDBCA5 /* PhotoSelectionViewModel.swift */; };
		B5F696A7583039A273513F5C /* AzureOpenAIService.swift in Sources */ = {isa = PBXBuildFile; fileRef = 7B0D677907DE08E099A36103 /* AzureOpenAIService.swift */; };
		B88F11C8EC476D3DB4D26194 /* Place.swift in Sources */ = {isa = PBXBuildFile; fileRef = 4F5C5BBA95CC778655ADDEE3 /* Place.swift */; };
		B99FEC734E83FBE11E83E2C2 /* P2PShareCompleteView.swift in Sources */ = {isa = PBXBuildFile; fileRef = 5AEA88210F719C38CED9E3F0 /* P2PShareCompleteView.swift */; };
		BE975E61B6F748D4749A8062 /* OpenAIService.swift in Sources */ = {isa = PBXBuildFile; fileRef = E299756317EC3EDAF793DD65 /* OpenAIService.swift */; };
		C0D55F75B0FAAE1CAF3AFBDB /* FastVLMService.swift in Sources */ = {isa = PBXBuildFile; fileRef = 2C9DC6F30D3B1A942B0C5D16 /* FastVLMService.swift */; };
		C53B7C710889875841C14F36 /* ExportService.swift in Sources */ = {isa = PBXBuildFile; fileRef = 71CCF170B02A5EE2835C319B /* ExportService.swift */; };
		C6B483A846611F5C47805D89 /* SplashView.swift in Sources */ = {isa = PBXBuildFile; fileRef = FFFD1D05FE7C12A250BCABE1 /* SplashView.swift */; };
		C6F45014D4E4AD45CA27D6A8 /* WanderSpacing.swift in Sources */ = {isa = PBXBuildFile; fileRef = 2C176F0945D37E98219E4347 /* WanderSpacing.swift */; };
		C7E4338EA3FBE76496BC86C4 /* OnboardingContainerView.swift in Sources */ = {isa = PBXBuildFile; fileRef = 236FC67B2D5FE36573239035 /* OnboardingContainerView.swift */; };
		CCEEFA6983C1676E8B07FC6D /* Localizable.xcstrings in Resources */ = {isa = PBXBuildFile; fileRef = 98E898EF07588C98501E6037 /* Localizable.xcstrings */; };
		CD445AC86723555317447EA0 /* P2PShareModels.swift in Sources */ = {isa = PBXBuildFile; fileRef = 21849646EBC4264A80B29797 /* P2PShareModels.swift */; };
		D02F79D5F9B4A9BD8B8FCEF2 /* ShareFinalPreviewView.swift in Sources */ = {isa = PBXBuildFile; fileRef = 544F6F96844A636A8934877B /* ShareFinalPreviewView.swift */; };
		DD5E5C90C447500CA14D82D4 /* LanguageManager.swift in Sources */ = {isa = PBXBuildFile; fileRef = 7101F75FAB06B605759C632D /* LanguageManager.swift */; };
		DE4139108959127C9900DBF0 /* ShareImageGenerator.swift in Sources */ = {isa = PBXBuildFile; fileRef = 751124C98B015F66377C62DE /* ShareImageGenerator.swift */; };
		E55B852473000EF498F1B0EA /* RecordsView.swift in Sources */ = {isa = PBXBuildFile; fileRef = D4BDB68CF4F57746D7AF6F6C /* RecordsView.swift */; };
		EC8FD13F7F236756CACF0EEF /* WeeklyHighlightView.swift in Sources */ = {isa = PBXBuildFile; fileRef = CC9A94D7767877D47292A5D6 /* WeeklyHighlightView.swift */; };
		ED9CC1319A16AD28CA5EC02F /* LookbackView.swift in Sources */ = {isa = PBXBuildFile; fileRef = 0E67E67E11F2FCD5C5FF0ADB /* LookbackView.swift */; };
		F053FEAC293BBEFDFA6F1A06 /* ResultView.swift in Sources */ = {isa = PBXBuildFile; fileRef = 1CE9F664E03D6DBD0C97AE6E /* ResultView.swift */; };
		F0B56A8F65147DECD8344DA3 /* TravelRecord.swift in Sources */ = {isa = PBXBuildFile; fileRef = B27D468AA704F3E844714452 /* TravelRecord.swift */; };
		F0EEF6703154148EC1994A3B /* MapDetailView.swift in Sources */ = {isa = PBXBuildFile; fileRef = B9F4F32B5C6B9C8CD73F7B41 /* MapDetailView.swift */; };
		F2B3853DC9B0AFEFAEDFC733 /* ShareService.swift in Sources */ = {isa = PBXBuildFile; fileRef = 7CAF5AC597C2A3E28FC12017 /* ShareService.swift */; };
		F53C6AFADF1BCE1C4B2CAC98 /* QuickModeView.swift in Sources */ = {isa = PBXBuildFile; fileRef = 714F818522502D4D1BA656B1 /* QuickModeView.swift */; };
		F82851533405E49D02D48D01 /* SharedBadgeView.swift in Sources */ = {isa = PBXBuildFile; fileRef = 4AF61463DE2B25946C34C36A /* SharedBadgeView.swift */; };
		FA83756C2DCE71CA3DEF2678 /* AIServiceProtocol.swift in Sources */ = {isa = PBXBuildFile; fileRef = 01DA78D53A168F6F953CAB10 /* AIServiceProtocol.swift */; };
		FF32092CD15E0A707B20C7E8 /* WanderApp.swift in Sources */ = {isa = PBXBuildFile; fileRef = 10F5AF74E8976C19CA1F2931 /* WanderApp.swift */; };
		FF42E0C3D5CEF12D4CAD85DF /* ShareEditOptionsView.swift in Sources */ = {isa = PBXBuildFile; fileRef = F097439025683CA9FEE244DB /* ShareEditOptionsView.swift */; };
/* End PBXBuildFile section */

/* Begin PBXFileReference section */
		00BAB4E1378A1D621B2733EB /* P2PShareService.swift */ = {isa = PBXFileReference; lastKnownFileType = sourcecode.swift; path = P2PShareService.swift; sourceTree = "<group>"; };
		01DA78D53A168F6F953CAB10 /* AIServiceProtocol.swift */ = {isa = PBXFileReference; lastKnownFileType = sourcecode.swift; path = AIServiceProtocol.swift; sourceTree = "<group>"; };
		0B6FAB7EB462FD834AECFD82 /* CustomTabBar.swift */ = {isa = PBXFileReference; lastKnownFileType = sourcecode.swift; path = CustomTabBar.swift; sourceTree = "<group>"; };
		0C7C9E0DF1C8C2E3C8D5164B /* WanderColors.swift */ = {isa = PBXFileReference; lastKnownFileType = sourcecode.swift; path = WanderColors.swift; sourceTree = "<group>"; };
		0D0EBE6F7FB20C8D0B311B1B /* CategoryManagementView.swift */ = {isa = PBXFileReference; lastKnownFileType = sourcecode.swift; path = CategoryManagementView.swift; sourceTree = "<group>"; };
		0D126520642C6777182425ED /* PhotoGridView.swift */ = {isa = PBXFileReference; lastKnownFileType = sourcecode.swift; path = PhotoGridView.swift; sourceTree = "<group>"; };
		0E67E67E11F2FCD5C5FF0ADB /* LookbackView.swift */ = {isa = PBXFileReference; lastKnownFileType = sourcecode.swift; path = LookbackView.swift; sourceTree = "<group>"; };
		103DE727B96D53981C6197C4 /* AIStoryView.swift */ = {isa = PBXFileReference; lastKnownFileType = sourcecode.swift; path = AIStoryView.swift; sourceTree = "<group>"; };
		10F5AF74E8976C19CA1F2931 /* WanderApp.swift */ = {isa = PBXFileReference; lastKnownFileType = sourcecode.swift; path = WanderApp.swift; sourceTree = "<group>"; };
		1CE9F664E03D6DBD0C97AE6E /* ResultView.swift */ = {isa = PBXFileReference; lastKnownFileType = sourcecode.swift; path = ResultView.swift; sourceTree = "<group>"; };
		1F46543A2C21475AB01A6987 /* UserPlacesView.swift */ = {isa = PBXFileReference; lastKnownFileType = sourcecode.swift; path = UserPlacesView.swift; sourceTree = "<group>"; };
		1FA3A94673E649CAB283D798 /* Assets.xcassets */ = {isa = PBXFileReference; lastKnownFileType = folder.assetcatalog; path = Assets.xcassets; sourceTree = "<group>"; };
		217433C96F4EFEB3A3EBBB27 /* SmartAnalysisCoordinator.swift */ = {isa = PBXFileReference; lastKnownFileType = sourcecode.swift; path = SmartAnalysisCoordinator.swift; sourceTree = "<group>"; };
		21849646EBC4264A80B29797 /* P2PShareModels.swift */ = {isa = PBXFileReference; lastKnownFileType = sourcecode.swift; path = P2PShareModels.swift; sourceTree = "<group>"; };
		236FC67B2D5FE36573239035 /* OnboardingContainerView.swift */ = {isa = PBXFileReference; lastKnownFileType = sourcecode.swift; path = OnboardingContainerView.swift; sourceTree = "<group>"; };
		27E913D21309F23DFAC47B1C /* WanderTypography.swift */ = {isa = PBXFileReference; lastKnownFileType = sourcecode.swift; path = WanderTypography.swift; sourceTree = "<group>"; };
		2C176F0945D37E98219E4347 /* WanderSpacing.swift */ = {isa = PBXFileReference; lastKnownFileType = sourcecode.swift; path = WanderSpacing.swift; sourceTree = "<group>"; };
		2C9DC6F30D3B1A942B0C5D16 /* FastVLMService.swift */ = {isa = PBXFileReference; lastKnownFileType = sourcecode.swift; path = FastVLMService.swift; sourceTree = "<group>"; };
		2D159347FCDC44AD0120B147 /* HomeView.swift */ = {isa = PBXFileReference; lastKnownFileType = sourcecode.swift; path = HomeView.swift; sourceTree = "<group>"; };
		332FA1629C7E84DF34729782 /* SmartTitleGenerator.swift */ = {isa = PBXFileReference; lastKnownFileType = sourcecode.swift; path = SmartTitleGenerator.swift; sourceTree = "<group>"; };
		36C069BA84E07EAB5C33B939 /* P2PShareReceiveView.swift */ = {isa = PBXFileReference; lastKnownFileType = sourcecode.swift; path = P2PShareReceiveView.swift; sourceTree = "<group>"; };
		3881765410920805E8E63290 /* ClusteringService.swift */ = {isa = PBXFileReference; lastKnownFileType = sourcecode.swift; path = ClusteringService.swift; sourceTree = "<group>"; };
		3DECC3A33EDADF952604AF51 /* AnthropicService.swift */ = {isa = PBXFileReference; lastKnownFileType = sourcecode.swift; path = AnthropicService.swift; sourceTree = "<group>"; };
		486B453BE75AAE359852A572 /* ShareOptionsView.swift */ = {isa = PBXFileReference; lastKnownFileType = sourcecode.swift; path = ShareOptionsView.swift; sourceTree = "<group>"; };
		48C2930B2954A0FA03525F02 /* DeepLinkHandler.swift */ = {isa = PBXFileReference; lastKnownFileType = sourcecode.swift; path = DeepLinkHandler.swift; sourceTree = "<group>"; };
		4AADF1D249A64201CBBE0C0E /* PINInputView.swift */ = {isa = PBXFileReference; lastKnownFileType = sourcecode.swift; path = PINInputView.swift; sourceTree = "<group>"; };
		4AF61463DE2B25946C34C36A /* SharedBadgeView.swift */ = {isa = PBXFileReference; lastKnownFileType = sourcecode.swift; path = SharedBadgeView.swift; sourceTree = "<group>"; };
		4E6FCA8AF89107AA1A681BE8 /* PhotoSelectionView.swift */ = {isa = PBXFileReference; lastKnownFileType = sourcecode.swift; path = PhotoSelectionView.swift; sourceTree = "<group>"; };
		4F5C5BBA95CC778655ADDEE3 /* Place.swift */ = {isa = PBXFileReference; lastKnownFileType = sourcecode.swift; path = Place.swift; sourceTree = "<group>"; };
		544F6F96844A636A8934877B /* ShareFinalPreviewView.swift */ = {isa = PBXFileReference; lastKnownFileType = sourcecode.swift; path = ShareFinalPreviewView.swift; sourceTree = "<group>"; };
		552F612D89E707B00B2EA8D2 /* StoryWeavingService.swift */ = {isa = PBXFileReference; lastKnownFileType = sourcecode.swift; path = StoryWeavingService.swift; sourceTree = "<group>"; };
		5989A12B232DB900FA252CF3 /* OnboardingIntroView.swift */ = {isa = PBXFileReference; lastKnownFileType = sourcecode.swift; path = OnboardingIntroView.swift; sourceTree = "<group>"; };
		5AEA88210F719C38CED9E3F0 /* P2PShareCompleteView.swift */ = {isa = PBXFileReference; lastKnownFileType = sourcecode.swift; path = P2PShareCompleteView.swift; sourceTree = "<group>"; };
		5F710E0F68D4E2FCA3CC8365 /* CustomPhotoPickerView.swift */ = {isa = PBXFileReference; lastKnownFileType = sourcecode.swift; path = CustomPhotoPickerView.swift; sourceTree = "<group>"; };
		623543159C8E418CA0DDF655 /* P2PShareOptionsView.swift */ = {isa = PBXFileReference; lastKnownFileType = sourcecode.swift; path = P2PShareOptionsView.swift; sourceTree = "<group>"; };
		633958D39C0ED4A820EA8046 /* HiddenRecordsView.swift */ = {isa = PBXFileReference; lastKnownFileType = sourcecode.swift; path = HiddenRecordsView.swift; sourceTree = "<group>"; };
		65CB7F9E05FBA5F785330A38 /* MomentScoreService.swift */ = {isa = PBXFileReference; lastKnownFileType = sourcecode.swift; path = MomentScoreService.swift; sourceTree = "<group>"; };
		67FA4CD0C634E35AE8A56305 /* SettingsView.swift */ = {isa = PBXFileReference; lastKnownFileType = sourcecode.swift; path = SettingsView.swift; sourceTree = "<group>"; };
		6F8D1BCB0B76A4B78253DAD2 /* ActivityInferenceService.swift */ = {isa = PBXFileReference; lastKnownFileType = sourcecode.swift; path = ActivityInferenceService.swift; sourceTree = "<group>"; };
		7101F75FAB06B605759C632D /* LanguageManager.swift */ = {isa = PBXFileReference; lastKnownFileType = sourcecode.swift; path = LanguageManager.swift; sourceTree = "<group>"; };
		714F818522502D4D1BA656B1 /* QuickModeView.swift */ = {isa = PBXFileReference; lastKnownFileType = sourcecode.swift; path = QuickModeView.swift; sourceTree = "<group>"; };
		71CCF170B02A5EE2835C319B /* ExportService.swift */ = {isa = PBXFileReference; lastKnownFileType = sourcecode.swift; path = ExportService.swift; sourceTree = "<group>"; };
		73183A726FDF526C78A4DEF7 /* KeychainManager.swift */ = {isa = PBXFileReference; lastKnownFileType = sourcecode.swift; path = KeychainManager.swift; sourceTree = "<group>"; };
		74A80A73AF84DC0DF5CDBCA5 /* PhotoSelectionViewModel.swift */ = {isa = PBXFileReference; lastKnownFileType = sourcecode.swift; path = PhotoSelectionViewModel.swift; sourceTree = "<group>"; };
		751124C98B015F66377C62DE /* ShareImageGenerator.swift */ = {isa = PBXFileReference; lastKnownFileType = sourcecode.swift; path = ShareImageGenerator.swift; sourceTree = "<group>"; };
		764FB5507753C9FCEDA6310C /* GeocodingService.swift */ = {isa = PBXFileReference; lastKnownFileType = sourcecode.swift; path = GeocodingService.swift; sourceTree = "<group>"; };
		7899308E90808D7AB5000657 /* GlassPanelView.swift */ = {isa = PBXFileReference; lastKnownFileType = sourcecode.swift; path = GlassPanelView.swift; sourceTree = "<group>"; };
		7A02BE0AE86E482916C8F103 /* Wander.app */ = {isa = PBXFileReference; includeInIndex = 0; lastKnownFileType = wrapper.application; path = Wander.app; sourceTree = BUILT_PRODUCTS_DIR; };
		7AB95868705E6631BD09FC9E /* VisionAnalysisService.swift */ = {isa = PBXFileReference; lastKnownFileType = sourcecode.swift; path = VisionAnalysisService.swift; sourceTree = "<group>"; };
		7B0D677907DE08E099A36103 /* AzureOpenAIService.swift */ = {isa = PBXFileReference; lastKnownFileType = sourcecode.swift; path = AzureOpenAIService.swift; sourceTree = "<group>"; };
		7BDC82ABF9DB755ECA0B69E0 /* OnboardingPhotoView.swift */ = {isa = PBXFileReference; lastKnownFileType = sourcecode.swift; path = OnboardingPhotoView.swift; sourceTree = "<group>"; };
		7CAF5AC597C2A3E28FC12017 /* ShareService.swift */ = {isa = PBXFileReference; lastKnownFileType = sourcecode.swift; path = ShareService.swift; sourceTree = "<group>"; };
		8323C36CCA16E5E2018936CE /* ShareModels.swift */ = {isa = PBXFileReference; lastKnownFileType = sourcecode.swift; path = ShareModels.swift; sourceTree = "<group>"; };
		8C30BB36C55D44C9BCF95AD9 /* ShareFlowView.swift */ = {isa = PBXFileReference; lastKnownFileType = sourcecode.swift; path = ShareFlowView.swift; sourceTree = "<group>"; };
		8D7C9C8E5EAD16FB1DAE1505 /* POIService.swift */ = {isa = PBXFileReference; lastKnownFileType = sourcecode.swift; path = POIService.swift; sourceTree = "<group>"; };
		953B95F6FB0056049B156B74 /* TravelDNAService.swift */ = {isa = PBXFileReference; lastKnownFileType = sourcecode.swift; path = TravelDNAService.swift; sourceTree = "<group>"; };
		98E898EF07588C98501E6037 /* Localizable.xcstrings */ = {isa = PBXFileReference; lastKnownFileType = text.json.xcstrings; path = Localizable.xcstrings; sourceTree = "<group>"; };
		A36ACDDAC531F92F047DB92A /* UserPlace.swift */ = {isa = PBXFileReference; lastKnownFileType = sourcecode.swift; path = UserPlace.swift; sourceTree = "<group>"; };
		A58893162BD06ECDCDA96B6A /* AnalyzingView.swift */ = {isa = PBXFileReference; lastKnownFileType = sourcecode.swift; path = AnalyzingView.swift; sourceTree = "<group>"; };
		AADA581AA1B63216B34086C1 /* OnboardingLocationView.swift */ = {isa = PBXFileReference; lastKnownFileType = sourcecode.swift; path = OnboardingLocationView.swift; sourceTree = "<group>"; };
		AC0CBE09260806CB2AAD4064 /* PhotoPickerWithAnalysis.swift */ = {isa = PBXFileReference; lastKnownFileType = sourcecode.swift; path = PhotoPickerWithAnalysis.swift; sourceTree = "<group>"; };
		B27D468AA704F3E844714452 /* TravelRecord.swift */ = {isa = PBXFileReference; lastKnownFileType = sourcecode.swift; path = TravelRecord.swift; sourceTree = "<group>"; };
		B68785E679F65AB40EAF888D /* AnalysisEngine.swift */ = {isa = PBXFileReference; lastKnownFileType = sourcecode.swift; path = AnalysisEngine.swift; sourceTree = "<group>"; };
		B83A53B85B3CB3EFBC9F9389 /* GoogleAIService.swift */ = {isa = PBXFileReference; lastKnownFileType = sourcecode.swift; path = GoogleAIService.swift; sourceTree = "<group>"; };
		B9F4F32B5C6B9C8CD73F7B41 /* MapDetailView.swift */ = {isa = PBXFileReference; lastKnownFileType = sourcecode.swift; path = MapDetailView.swift; sourceTree = "<group>"; };
		BEE8AE4F756798668F7908BA /* AuthenticationManager.swift */ = {isa = PBXFileReference; lastKnownFileType = sourcecode.swift; path = AuthenticationManager.swift; sourceTree = "<group>"; };
		C972CF3FC1179310A3A5B120 /* EncryptionService.swift */ = {isa = PBXFileReference; lastKnownFileType = sourcecode.swift; path = EncryptionService.swift; sourceTree = "<group>"; };
		CC9A94D7767877D47292A5D6 /* WeeklyHighlightView.swift */ = {isa = PBXFileReference; lastKnownFileType = sourcecode.swift; path = WeeklyHighlightView.swift; sourceTree = "<group>"; };
		D0CD43949F9457AC53E42E55 /* RecordCategory.swift */ = {isa = PBXFileReference; lastKnownFileType = sourcecode.swift; path = RecordCategory.swift; sourceTree = "<group>"; };
		D32AB57310AA1E255D0FF460 /* TravelDay.swift */ = {isa = PBXFileReference; lastKnownFileType = sourcecode.swift; path = TravelDay.swift; sourceTree = "<group>"; };
		D4BDB68CF4F57746D7AF6F6C /* RecordsView.swift */ = {isa = PBXFileReference; lastKnownFileType = sourcecode.swift; path = RecordsView.swift; sourceTree = "<group>"; };
		D51B4D96904A88F17FCEDF0C /* ContentView.swift */ = {isa = PBXFileReference; lastKnownFileType = sourcecode.swift; path = ContentView.swift; sourceTree = "<group>"; };
		DA7DA165A04E52CBA9BEE364 /* InsightEngine.swift */ = {isa = PBXFileReference; lastKnownFileType = sourcecode.swift; path = InsightEngine.swift; sourceTree = "<group>"; };
		DF96E387E814CDBFBEB8B48D /* PhotoAssetManager.swift */ = {isa = PBXFileReference; lastKnownFileType = sourcecode.swift; path = PhotoAssetManager.swift; sourceTree = "<group>"; };
		E299756317EC3EDAF793DD65 /* OpenAIService.swift */ = {isa = PBXFileReference; lastKnownFileType = sourcecode.swift; path = OpenAIService.swift; sourceTree = "<group>"; };
		F02DC39DD3799E8D228F7AC2 /* CloudKitManager.swift */ = {isa = PBXFileReference; lastKnownFileType = sourcecode.swift; path = CloudKitManager.swift; sourceTree = "<group>"; };
		F097439025683CA9FEE244DB /* ShareEditOptionsView.swift */ = {isa = PBXFileReference; lastKnownFileType = sourcecode.swift; path = ShareEditOptionsView.swift; sourceTree = "<group>"; };
		F11A9995D042E8266AEEF596 /* PhotoItem.swift */ = {isa = PBXFileReference; lastKnownFileType = sourcecode.swift; path = PhotoItem.swift; sourceTree = "<group>"; };
		F242F2CC4CD8BCDD67576C8F /* SharedRecordView.swift */ = {isa = PBXFileReference; lastKnownFileType = sourcecode.swift; path = SharedRecordView.swift; sourceTree = "<group>"; };
		FF6AA40563506181824E5E9B /* SecuritySettingsView.swift */ = {isa = PBXFileReference; lastKnownFileType = sourcecode.swift; path = SecuritySettingsView.swift; sourceTree = "<group>"; };
		FFFD1D05FE7C12A250BCABE1 /* SplashView.swift */ = {isa = PBXFileReference; lastKnownFileType = sourcecode.swift; path = SplashView.swift; sourceTree = "<group>"; };
/* End PBXFileReference section */

/* Begin PBXFrameworksBuildPhase section */
		40CBA97195B00C595FAB4728 /* Frameworks */ = {
			isa = PBXFrameworksBuildPhase;
			buildActionMask = 2147483647;
			files = (
				1F0D588284A12A308B3E26A4 /* Parchment in Frameworks */,
			);
			runOnlyForDeploymentPostprocessing = 0;
		};
/* End PBXFrameworksBuildPhase section */

/* Begin PBXGroup section */
		006CCADDBDD21E79D6C92C7D /* Core */ = {
			isa = PBXGroup;
			children = (
				552D33558AF054E2031ED1D3 /* Design */,
				D0F1CFB43E77E6651F89A75D /* Utilities */,
			);
			path = Core;
			sourceTree = "<group>";
		};
		0E3F068FDAECC148F80E1433 = {
			isa = PBXGroup;
			children = (
				006CCADDBDD21E79D6C92C7D /* Core */,
				F575923943473BAFDE703210 /* Models */,
				DD0BEEE12BA8E6618E8AA730 /* Resources */,
				DE610A1CA90D882FBE4B0718 /* Services */,
				741E8BA325E1BD445AC364F1 /* ViewModels */,
				BCCA588619BB51137E6D550D /* Views */,
				D51B4D96904A88F17FCEDF0C /* ContentView.swift */,
				10F5AF74E8976C19CA1F2931 /* WanderApp.swift */,
				F2F4ECD0469D370B01FDE9BB /* Products */,
			);
			sourceTree = "<group>";
		};
		0E434F9AB97B40385202037B /* AnalysisService */ = {
			isa = PBXGroup;
			children = (
				6F8D1BCB0B76A4B78253DAD2 /* ActivityInferenceService.swift */,
				B68785E679F65AB40EAF888D /* AnalysisEngine.swift */,
				3881765410920805E8E63290 /* ClusteringService.swift */,
			);
			path = AnalysisService;
			sourceTree = "<group>";
		};
		0EFFF345C6CCFBC3068AC8FF /* Launch */ = {
			isa = PBXGroup;
			children = (
				FFFD1D05FE7C12A250BCABE1 /* SplashView.swift */,
			);
			path = Launch;
			sourceTree = "<group>";
		};
		28C11AAD297C6956839B08F2 /* Auth */ = {
			isa = PBXGroup;
			children = (
				4AADF1D249A64201CBBE0C0E /* PINInputView.swift */,
			);
			path = Auth;
			sourceTree = "<group>";
		};
		2FDA34745E3EEBCD506D5A12 /* QuickMode */ = {
			isa = PBXGroup;
			children = (
				714F818522502D4D1BA656B1 /* QuickModeView.swift */,
			);
			path = QuickMode;
			sourceTree = "<group>";
		};
		3392D5D54968AD65A2604BF2 /* Analysis */ = {
			isa = PBXGroup;
			children = (
				A58893162BD06ECDCDA96B6A /* AnalyzingView.swift */,
			);
			path = Analysis;
			sourceTree = "<group>";
		};
		4634F62FDD4ADC77AE6CA4B0 /* SwiftData */ = {
			isa = PBXGroup;
			children = (
				F11A9995D042E8266AEEF596 /* PhotoItem.swift */,
				4F5C5BBA95CC778655ADDEE3 /* Place.swift */,
				D0CD43949F9457AC53E42E55 /* RecordCategory.swift */,
				D32AB57310AA1E255D0FF460 /* TravelDay.swift */,
				B27D468AA704F3E844714452 /* TravelRecord.swift */,
				A36ACDDAC531F92F047DB92A /* UserPlace.swift */,
			);
			path = SwiftData;
			sourceTree = "<group>";
		};
		4B706ED69FEB734EF92736EF /* P2PShare */ = {
			isa = PBXGroup;
			children = (
				F02DC39DD3799E8D228F7AC2 /* CloudKitManager.swift */,
				C972CF3FC1179310A3A5B120 /* EncryptionService.swift */,
				21849646EBC4264A80B29797 /* P2PShareModels.swift */,
				00BAB4E1378A1D621B2733EB /* P2PShareService.swift */,
			);
			path = P2PShare;
			sourceTree = "<group>";
		};
		4CBAD50B4E2331584995066F /* SmartAnalysis */ = {
			isa = PBXGroup;
			children = (
				2C9DC6F30D3B1A942B0C5D16 /* FastVLMService.swift */,
				DA7DA165A04E52CBA9BEE364 /* InsightEngine.swift */,
				65CB7F9E05FBA5F785330A38 /* MomentScoreService.swift */,
				8D7C9C8E5EAD16FB1DAE1505 /* POIService.swift */,
				217433C96F4EFEB3A3EBBB27 /* SmartAnalysisCoordinator.swift */,
				332FA1629C7E84DF34729782 /* SmartTitleGenerator.swift */,
				552F612D89E707B00B2EA8D2 /* StoryWeavingService.swift */,
				953B95F6FB0056049B156B74 /* TravelDNAService.swift */,
				7AB95868705E6631BD09FC9E /* VisionAnalysisService.swift */,
			);
			path = SmartAnalysis;
			sourceTree = "<group>";
		};
		552D33558AF054E2031ED1D3 /* Design */ = {
			isa = PBXGroup;
			children = (
				0C7C9E0DF1C8C2E3C8D5164B /* WanderColors.swift */,
				2C176F0945D37E98219E4347 /* WanderSpacing.swift */,
				27E913D21309F23DFAC47B1C /* WanderTypography.swift */,
			);
			path = Design;
			sourceTree = "<group>";
		};
		5D42AAFB293BCA8CB8D82EA2 /* Result */ = {
			isa = PBXGroup;
			children = (
				103DE727B96D53981C6197C4 /* AIStoryView.swift */,
				B9F4F32B5C6B9C8CD73F7B41 /* MapDetailView.swift */,
				1CE9F664E03D6DBD0C97AE6E /* ResultView.swift */,
			);
			path = Result;
			sourceTree = "<group>";
		};
		646136F222FBE8776922806C /* AIService */ = {
			isa = PBXGroup;
			children = (
				01DA78D53A168F6F953CAB10 /* AIServiceProtocol.swift */,
				3DECC3A33EDADF952604AF51 /* AnthropicService.swift */,
				7B0D677907DE08E099A36103 /* AzureOpenAIService.swift */,
				B83A53B85B3CB3EFBC9F9389 /* GoogleAIService.swift */,
				E299756317EC3EDAF793DD65 /* OpenAIService.swift */,
			);
			path = AIService;
			sourceTree = "<group>";
		};
		65BE52FBD48BAF9B5CE72C7A /* P2PShare */ = {
			isa = PBXGroup;
			children = (
				5AEA88210F719C38CED9E3F0 /* P2PShareCompleteView.swift */,
				623543159C8E418CA0DDF655 /* P2PShareOptionsView.swift */,
				36C069BA84E07EAB5C33B939 /* P2PShareReceiveView.swift */,
			);
			path = P2PShare;
			sourceTree = "<group>";
		};
		65CA908A962BD01CF4B2D8C8 /* LocationService */ = {
			isa = PBXGroup;
			children = (
				764FB5507753C9FCEDA6310C /* GeocodingService.swift */,
			);
			path = LocationService;
			sourceTree = "<group>";
		};
		7138932B04FBCD1E9157545C /* PhotoSelection */ = {
			isa = PBXGroup;
			children = (
				74A80A73AF84DC0DF5CDBCA5 /* PhotoSelectionViewModel.swift */,
			);
			path = PhotoSelection;
			sourceTree = "<group>";
		};
		71A00D22192B49D221223004 /* Home */ = {
			isa = PBXGroup;
			children = (
				2D159347FCDC44AD0120B147 /* HomeView.swift */,
				0E67E67E11F2FCD5C5FF0ADB /* LookbackView.swift */,
			);
			path = Home;
			sourceTree = "<group>";
		};
		741E8BA325E1BD445AC364F1 /* ViewModels */ = {
			isa = PBXGroup;
			children = (
				7138932B04FBCD1E9157545C /* PhotoSelection */,
			);
			path = ViewModels;
			sourceTree = "<group>";
		};
		751B0D159D1A9B8A354EF868 /* Records */ = {
			isa = PBXGroup;
			children = (
				633958D39C0ED4A820EA8046 /* HiddenRecordsView.swift */,
				D4BDB68CF4F57746D7AF6F6C /* RecordsView.swift */,
			);
			path = Records;
			sourceTree = "<group>";
		};
		9968828D6C069F777955D068 /* ExportService */ = {
			isa = PBXGroup;
			children = (
				71CCF170B02A5EE2835C319B /* ExportService.swift */,
			);
			path = ExportService;
			sourceTree = "<group>";
		};
		A063E372E19961A025E73E26 /* Components */ = {
			isa = PBXGroup;
			children = (
				7899308E90808D7AB5000657 /* GlassPanelView.swift */,
			);
			path = Components;
			sourceTree = "<group>";
		};
		B6B09BC30D8B485ABB3AB14C /* Share */ = {
			isa = PBXGroup;
			children = (
				A063E372E19961A025E73E26 /* Components */,
				F097439025683CA9FEE244DB /* ShareEditOptionsView.swift */,
				544F6F96844A636A8934877B /* ShareFinalPreviewView.swift */,
				8C30BB36C55D44C9BCF95AD9 /* ShareFlowView.swift */,
				486B453BE75AAE359852A572 /* ShareOptionsView.swift */,
			);
			path = Share;
			sourceTree = "<group>";
		};
		BCCA588619BB51137E6D550D /* Views */ = {
			isa = PBXGroup;
			children = (
				3392D5D54968AD65A2604BF2 /* Analysis */,
				28C11AAD297C6956839B08F2 /* Auth */,
				71A00D22192B49D221223004 /* Home */,
				0EFFF345C6CCFBC3068AC8FF /* Launch */,
				F55277BF95635A3AE6FBE71C /* Onboarding */,
				65BE52FBD48BAF9B5CE72C7A /* P2PShare */,
				EB08FBA24C38A7B14815BA33 /* PhotoSelection */,
				2FDA34745E3EEBCD506D5A12 /* QuickMode */,
				751B0D159D1A9B8A354EF868 /* Records */,
				5D42AAFB293BCA8CB8D82EA2 /* Result */,
				E536121B41C725BADEE15BAA /* Settings */,
				B6B09BC30D8B485ABB3AB14C /* Share */,
				EF49F1CA2DA5DFE06CABC3B1 /* Shared */,
				F33584D27A451B7AE6B71BD7 /* Weekly */,
			);
			path = Views;
			sourceTree = "<group>";
		};
		CAA665041F104DF262562588 /* CustomPhotoPicker */ = {
			isa = PBXGroup;
			children = (
				5F710E0F68D4E2FCA3CC8365 /* CustomPhotoPickerView.swift */,
				DF96E387E814CDBFBEB8B48D /* PhotoAssetManager.swift */,
				0D126520642C6777182425ED /* PhotoGridView.swift */,
				AC0CBE09260806CB2AAD4064 /* PhotoPickerWithAnalysis.swift */,
			);
			path = CustomPhotoPicker;
			sourceTree = "<group>";
		};
		D0F1CFB43E77E6651F89A75D /* Utilities */ = {
			isa = PBXGroup;
			children = (
				48C2930B2954A0FA03525F02 /* DeepLinkHandler.swift */,
				73183A726FDF526C78A4DEF7 /* KeychainManager.swift */,
				7101F75FAB06B605759C632D /* LanguageManager.swift */,
			);
			path = Utilities;
			sourceTree = "<group>";
		};
		DD0BEEE12BA8E6618E8AA730 /* Resources */ = {
			isa = PBXGroup;
			children = (
				1FA3A94673E649CAB283D798 /* Assets.xcassets */,
				98E898EF07588C98501E6037 /* Localizable.xcstrings */,
			);
			path = Resources;
			sourceTree = "<group>";
		};
		DE610A1CA90D882FBE4B0718 /* Services */ = {
			isa = PBXGroup;
			children = (
				646136F222FBE8776922806C /* AIService */,
				0E434F9AB97B40385202037B /* AnalysisService */,
				9968828D6C069F777955D068 /* ExportService */,
				65CA908A962BD01CF4B2D8C8 /* LocationService */,
				4B706ED69FEB734EF92736EF /* P2PShare */,
				FAC338EA936438957F037D82 /* ShareService */,
				4CBAD50B4E2331584995066F /* SmartAnalysis */,
				BEE8AE4F756798668F7908BA /* AuthenticationManager.swift */,
			);
			path = Services;
			sourceTree = "<group>";
		};
		E536121B41C725BADEE15BAA /* Settings */ = {
			isa = PBXGroup;
			children = (
				0D0EBE6F7FB20C8D0B311B1B /* CategoryManagementView.swift */,
				FF6AA40563506181824E5E9B /* SecuritySettingsView.swift */,
				67FA4CD0C634E35AE8A56305 /* SettingsView.swift */,
				1F46543A2C21475AB01A6987 /* UserPlacesView.swift */,
			);
			path = Settings;
			sourceTree = "<group>";
		};
		EB08FBA24C38A7B14815BA33 /* PhotoSelection */ = {
			isa = PBXGroup;
			children = (
				CAA665041F104DF262562588 /* CustomPhotoPicker */,
				4E6FCA8AF89107AA1A681BE8 /* PhotoSelectionView.swift */,
			);
			path = PhotoSelection;
			sourceTree = "<group>";
		};
		EF49F1CA2DA5DFE06CABC3B1 /* Shared */ = {
			isa = PBXGroup;
			children = (
				0B6FAB7EB462FD834AECFD82 /* CustomTabBar.swift */,
				4AF61463DE2B25946C34C36A /* SharedBadgeView.swift */,
				F242F2CC4CD8BCDD67576C8F /* SharedRecordView.swift */,
			);
			path = Shared;
			sourceTree = "<group>";
		};
		F2F4ECD0469D370B01FDE9BB /* Products */ = {
			isa = PBXGroup;
			children = (
				7A02BE0AE86E482916C8F103 /* Wander.app */,
			);
			name = Products;
			sourceTree = "<group>";
		};
		F33584D27A451B7AE6B71BD7 /* Weekly */ = {
			isa = PBXGroup;
			children = (
				CC9A94D7767877D47292A5D6 /* WeeklyHighlightView.swift */,
			);
			path = Weekly;
			sourceTree = "<group>";
		};
		F55277BF95635A3AE6FBE71C /* Onboarding */ = {
			isa = PBXGroup;
			children = (
				236FC67B2D5FE36573239035 /* OnboardingContainerView.swift */,
				5989A12B232DB900FA252CF3 /* OnboardingIntroView.swift */,
				AADA581AA1B63216B34086C1 /* OnboardingLocationView.swift */,
				7BDC82ABF9DB755ECA0B69E0 /* OnboardingPhotoView.swift */,
			);
			path = Onboarding;
			sourceTree = "<group>";
		};
		F575923943473BAFDE703210 /* Models */ = {
			isa = PBXGroup;
			children = (
				4634F62FDD4ADC77AE6CA4B0 /* SwiftData */,
			);
			path = Models;
			sourceTree = "<group>";
		};
		FAC338EA936438957F037D82 /* ShareService */ = {
			isa = PBXGroup;
			children = (
				751124C98B015F66377C62DE /* ShareImageGenerator.swift */,
				8323C36CCA16E5E2018936CE /* ShareModels.swift */,
				7CAF5AC597C2A3E28FC12017 /* ShareService.swift */,
			);
			path = ShareService;
			sourceTree = "<group>";
		};
		"TEMP_82FE7D36-4A51-4C5C-BF48-07D11C5669F4" /* Common */ = {
			isa = PBXGroup;
			children = (
			);
			path = Common;
			sourceTree = "<group>";
		};
/* End PBXGroup section */

/* Begin PBXNativeTarget section */
		DAEABFB4D177DCC30394FDDE /* Wander */ = {
			isa = PBXNativeTarget;
			buildConfigurationList = 48F40F5E41FF1B36B60E64DD /* Build configuration list for PBXNativeTarget "Wander" */;
			buildPhases = (
				253A78D5C405C147FE022694 /* Sources */,
				565C39457D48A6461B4D97A9 /* Resources */,
				40CBA97195B00C595FAB4728 /* Frameworks */,
			);
			buildRules = (
			);
			dependencies = (
			);
			name = Wander;
			packageProductDependencies = (
				BA7A184A0033F895D75B92DC /* Parchment */,
			);
			productName = Wander;
			productReference = 7A02BE0AE86E482916C8F103 /* Wander.app */;
			productType = "com.apple.product-type.application";
		};
/* End PBXNativeTarget section */

/* Begin PBXProject section */
		15ACB6487E48F756B4649314 /* Project object */ = {
			isa = PBXProject;
			attributes = {
				BuildIndependentTargetsInParallel = YES;
				LastUpgradeCheck = 1500;
				TargetAttributes = {
					DAEABFB4D177DCC30394FDDE = {
						DevelopmentTeam = XU8HS9JUTS;
					};
				};
			};
			buildConfigurationList = F9B4DCBD13A5F3108CE22518 /* Build configuration list for PBXProject "Wander" */;
			compatibilityVersion = "Xcode 14.0";
			developmentRegion = ko;
			hasScannedForEncodings = 0;
			knownRegions = (
				Base,
				en,
				ko,
			);
			mainGroup = 0E3F068FDAECC148F80E1433;
			minimizedProjectReferenceProxies = 1;
			packageReferences = (
				5172B5AD649857AF5C5C61BC /* XCRemoteSwiftPackageReference "Parchment" */,
			);
			preferredProjectObjectVersion = 77;
			projectDirPath = "";
			projectRoot = "";
			targets = (
				DAEABFB4D177DCC30394FDDE /* Wander */,
			);
		};
/* End PBXProject section */

/* Begin PBXResourcesBuildPhase section */
		565C39457D48A6461B4D97A9 /* Resources */ = {
			isa = PBXResourcesBuildPhase;
			buildActionMask = 2147483647;
			files = (
				9D7E270A4419591FCC9418C1 /* Assets.xcassets in Resources */,
				CCEEFA6983C1676E8B07FC6D /* Localizable.xcstrings in Resources */,
			);
			runOnlyForDeploymentPostprocessing = 0;
		};
/* End PBXResourcesBuildPhase section */

/* Begin PBXSourcesBuildPhase section */
		253A78D5C405C147FE022694 /* Sources */ = {
			isa = PBXSourcesBuildPhase;
			buildActionMask = 2147483647;
			files = (
				FA83756C2DCE71CA3DEF2678 /* AIServiceProtocol.swift in Sources */,
				6A01487B492939612E6BDEDA /* AIStoryView.swift in Sources */,
				917A09663D46342EF150944B /* ActivityInferenceService.swift in Sources */,
				68296BEF19751744F2E96941 /* AnalysisEngine.swift in Sources */,
				401F0F1CE1B9EABCD2D71209 /* AnalyzingView.swift in Sources */,
				95BEE76B3673EB1D875288E1 /* AnthropicService.swift in Sources */,
				162526B63217224392D9C2A4 /* AuthenticationManager.swift in Sources */,
				B5F696A7583039A273513F5C /* AzureOpenAIService.swift in Sources */,
				0D237927C341F94E2FC7FA70 /* CategoryManagementView.swift in Sources */,
				322E30152377039EF8A56E4C /* CloudKitManager.swift in Sources */,
				A25089AD601F47DCC1DA7BF9 /* ClusteringService.swift in Sources */,
				41E300A4405045DD409D5FA9 /* ContentView.swift in Sources */,
				7D135F833DC00414F55AB8E6 /* CustomPhotoPickerView.swift in Sources */,
				2007C00381E804521F30B32F /* CustomTabBar.swift in Sources */,
				043030A3BAC541ADC9988206 /* DeepLinkHandler.swift in Sources */,
				14BDD3CB250E61809905CCA8 /* EncryptionService.swift in Sources */,
				C53B7C710889875841C14F36 /* ExportService.swift in Sources */,
				C0D55F75B0FAAE1CAF3AFBDB /* FastVLMService.swift in Sources */,
				82B1B0EAD84505B551706FE2 /* GeocodingService.swift in Sources */,
				9DFD0BD1ABE5CF7C1A97A2D8 /* GlassPanelView.swift in Sources */,
				154B8870CE80CF4AD29D8226 /* GoogleAIService.swift in Sources */,
				8D3C0983E0024D1EEFAC3235 /* HiddenRecordsView.swift in Sources */,
				68C9C4F8DBDD77FAF0329C54 /* HomeView.swift in Sources */,
				662C1DF240D714D991D4E734 /* InsightEngine.swift in Sources */,
				751A2972E76920FF3D6FB66B /* KeychainManager.swift in Sources */,
				DD5E5C90C447500CA14D82D4 /* LanguageManager.swift in Sources */,
				ED9CC1319A16AD28CA5EC02F /* LookbackView.swift in Sources */,
				F0EEF6703154148EC1994A3B /* MapDetailView.swift in Sources */,
				A830C878DD79B7DED7A1E419 /* MomentScoreService.swift in Sources */,
				C7E4338EA3FBE76496BC86C4 /* OnboardingContainerView.swift in Sources */,
				3B9443DFDB1CE7954776ECC0 /* OnboardingIntroView.swift in Sources */,
				5AE2A5F8D26942F3BD7358F1 /* OnboardingLocationView.swift in Sources */,
				540B273D1E8F92D62FD3CEE6 /* OnboardingPhotoView.swift in Sources */,
				BE975E61B6F748D4749A8062 /* OpenAIService.swift in Sources */,
				B99FEC734E83FBE11E83E2C2 /* P2PShareCompleteView.swift in Sources */,
				CD445AC86723555317447EA0 /* P2PShareModels.swift in Sources */,
				548BB56B851023E7AFDD984B /* P2PShareOptionsView.swift in Sources */,
				50F8201796C6E1E4847EE2A1 /* P2PShareReceiveView.swift in Sources */,
				926963EDC47AB754A8FE2D39 /* P2PShareService.swift in Sources */,
				218898B6406DB973013FF149 /* PINInputView.swift in Sources */,
				424A106CBA6CD123BB59E430 /* POIService.swift in Sources */,
				2C44996E0D5C53D1AC99D108 /* PhotoAssetManager.swift in Sources */,
				0A7171E399B8E6CE09028DEB /* PhotoGridView.swift in Sources */,
				3C7CD4C0564F38E74B8EB35E /* PhotoItem.swift in Sources */,
				5463082D465010C0A0B8A259 /* PhotoPickerWithAnalysis.swift in Sources */,
				571EEEDE259E9D468204DAAF /* PhotoSelectionView.swift in Sources */,
				ADA3D6A857DA9EEC387D8F0B /* PhotoSelectionViewModel.swift in Sources */,
				B88F11C8EC476D3DB4D26194 /* Place.swift in Sources */,
				F53C6AFADF1BCE1C4B2CAC98 /* QuickModeView.swift in Sources */,
				2FA78DAC6E34FEC7D7873E37 /* RecordCategory.swift in Sources */,
				E55B852473000EF498F1B0EA /* RecordsView.swift in Sources */,
				F053FEAC293BBEFDFA6F1A06 /* ResultView.swift in Sources */,
				314C73C7451053F4575F1682 /* SecuritySettingsView.swift in Sources */,
				06D7B35EF39572C788EEA5E1 /* SettingsView.swift in Sources */,
				FF42E0C3D5CEF12D4CAD85DF /* ShareEditOptionsView.swift in Sources */,
				D02F79D5F9B4A9BD8B8FCEF2 /* ShareFinalPreviewView.swift in Sources */,
				86D51E37AF66682FE7CF7DAA /* ShareFlowView.swift in Sources */,
				DE4139108959127C9900DBF0 /* ShareImageGenerator.swift in Sources */,
				AC0989B60AB5E39B03A638C8 /* ShareModels.swift in Sources */,
				6A13DEE7D2114E8B0B08F085 /* ShareOptionsView.swift in Sources */,
				F2B3853DC9B0AFEFAEDFC733 /* ShareService.swift in Sources */,
				F82851533405E49D02D48D01 /* SharedBadgeView.swift in Sources */,
				5D3970760A5FBB3B71277401 /* SharedRecordView.swift in Sources */,
				85A936E43597E7A8B753BDEE /* SmartAnalysisCoordinator.swift in Sources */,
				782B5A556318C0E5AD610FDD /* SmartTitleGenerator.swift in Sources */,
				C6B483A846611F5C47805D89 /* SplashView.swift in Sources */,
				4DB789C654D43D102841B291 /* StoryWeavingService.swift in Sources */,
				6D19CF3CAE6452A471969657 /* TravelDNAService.swift in Sources */,
				1B778F3F742D51F19AF34113 /* TravelDay.swift in Sources */,
				F0B56A8F65147DECD8344DA3 /* TravelRecord.swift in Sources */,
				759BCAA9B5512CE590D7688D /* UserPlace.swift in Sources */,
				7FA3DD3142179C0493845CF3 /* UserPlacesView.swift in Sources */,
				727F27153B4A5097AED8BCF1 /* VisionAnalysisService.swift in Sources */,
				FF32092CD15E0A707B20C7E8 /* WanderApp.swift in Sources */,
				79E5783510FB1E69E2003B4F /* WanderColors.swift in Sources */,
				C6F45014D4E4AD45CA27D6A8 /* WanderSpacing.swift in Sources */,
				3457679691F9C61C331A5AAD /* WanderTypography.swift in Sources */,
				EC8FD13F7F236756CACF0EEF /* WeeklyHighlightView.swift in Sources */,
			);
			runOnlyForDeploymentPostprocessing = 0;
		};
/* End PBXSourcesBuildPhase section */

/* Begin XCBuildConfiguration section */
		1E3A51C39136BA462B778946 /* Debug */ = {
			isa = XCBuildConfiguration;
			buildSettings = {
				ASSETCATALOG_COMPILER_APPICON_NAME = AppIcon;
				CODE_SIGN_ENTITLEMENTS = Wander.entitlements;
				CODE_SIGN_IDENTITY = "iPhone Developer";
				GENERATE_INFOPLIST_FILE = NO;
				INFOPLIST_FILE = Info.plist;
				LD_RUNPATH_SEARCH_PATHS = (
					"$(inherited)",
					"@executable_path/Frameworks",
				);
				PRODUCT_BUNDLE_IDENTIFIER = com.zerolive.wander;
				SDKROOT = iphoneos;
				SUPPORTED_PLATFORMS = "iphoneos iphonesimulator";
				SUPPORTS_MACCATALYST = NO;
				SUPPORTS_MAC_DESIGNED_FOR_IPHONE_IPAD = YES;
				SUPPORTS_XR_DESIGNED_FOR_IPHONE_IPAD = YES;
				TARGETED_DEVICE_FAMILY = "1,2";
			};
			name = Debug;
		};
		98BE6269A1618DE2ECCB47B5 /* Release */ = {
			isa = XCBuildConfiguration;
			buildSettings = {
				ALWAYS_SEARCH_USER_PATHS = NO;
				ASSETCATALOG_COMPILER_APPICON_NAME = AppIcon;
				ASSETCATALOG_COMPILER_GLOBAL_ACCENT_COLOR_NAME = AccentColor;
				CLANG_ANALYZER_NONNULL = YES;
				CLANG_ANALYZER_NUMBER_OBJECT_CONVERSION = YES_AGGRESSIVE;
				CLANG_CXX_LANGUAGE_STANDARD = "gnu++14";
				CLANG_CXX_LIBRARY = "libc++";
				CLANG_ENABLE_MODULES = YES;
				CLANG_ENABLE_OBJC_ARC = YES;
				CLANG_ENABLE_OBJC_WEAK = YES;
				CLANG_WARN_BLOCK_CAPTURE_AUTORELEASING = YES;
				CLANG_WARN_BOOL_CONVERSION = YES;
				CLANG_WARN_COMMA = YES;
				CLANG_WARN_CONSTANT_CONVERSION = YES;
				CLANG_WARN_DEPRECATED_OBJC_IMPLEMENTATIONS = YES;
				CLANG_WARN_DIRECT_OBJC_ISA_USAGE = YES_ERROR;
				CLANG_WARN_DOCUMENTATION_COMMENTS = YES;
				CLANG_WARN_EMPTY_BODY = YES;
				CLANG_WARN_ENUM_CONVERSION = YES;
				CLANG_WARN_INFINITE_RECURSION = YES;
				CLANG_WARN_INT_CONVERSION = YES;
				CLANG_WARN_NON_LITERAL_NULL_CONVERSION = YES;
				CLANG_WARN_OBJC_IMPLICIT_RETAIN_SELF = YES;
				CLANG_WARN_OBJC_LITERAL_CONVERSION = YES;
				CLANG_WARN_OBJC_ROOT_CLASS = YES_ERROR;
				CLANG_WARN_QUOTED_INCLUDE_IN_FRAMEWORK_HEADER = YES;
				CLANG_WARN_RANGE_LOOP_ANALYSIS = YES;
				CLANG_WARN_STRICT_PROTOTYPES = YES;
				CLANG_WARN_SUSPICIOUS_MOVE = YES;
				CLANG_WARN_UNGUARDED_AVAILABILITY = YES_AGGRESSIVE;
				CLANG_WARN_UNREACHABLE_CODE = YES;
				CLANG_WARN__DUPLICATE_METHOD_MATCH = YES;
				COPY_PHASE_STRIP = NO;
				CURRENT_PROJECT_VERSION = 1;
				DEBUG_INFORMATION_FORMAT = "dwarf-with-dsym";
				DEVELOPMENT_TEAM = XU8HS9JUTS;
				ENABLE_NS_ASSERTIONS = NO;
				ENABLE_STRICT_OBJC_MSGSEND = YES;
				GCC_C_LANGUAGE_STANDARD = gnu11;
				GCC_NO_COMMON_BLOCKS = YES;
				GCC_WARN_64_TO_32_BIT_CONVERSION = YES;
				GCC_WARN_ABOUT_RETURN_TYPE = YES_ERROR;
				GCC_WARN_UNDECLARED_SELECTOR = YES;
				GCC_WARN_UNINITIALIZED_AUTOS = YES_AGGRESSIVE;
				GCC_WARN_UNUSED_FUNCTION = YES;
				GCC_WARN_UNUSED_VARIABLE = YES;
				INFOPLIST_KEY_CFBundleDisplayName = Wander;
				INFOPLIST_KEY_LSApplicationCategoryType = "public.app-category.travel";
				IPHONEOS_DEPLOYMENT_TARGET = 17.0;
				MARKETING_VERSION = 1.0.0;
				MTL_ENABLE_DEBUG_INFO = NO;
				MTL_FAST_MATH = YES;
				PRODUCT_NAME = "$(TARGET_NAME)";
				SDKROOT = iphoneos;
				SWIFT_COMPILATION_MODE = wholemodule;
				SWIFT_EMIT_LOC_STRINGS = YES;
				SWIFT_OPTIMIZATION_LEVEL = "-O";
				SWIFT_VERSION = 5.9;
			};
			name = Release;
		};
		98C77DC356FB1881F7298017 /* Debug */ = {
			isa = XCBuildConfiguration;
			buildSettings = {
				ALWAYS_SEARCH_USER_PATHS = NO;
				ASSETCATALOG_COMPILER_APPICON_NAME = AppIcon;
				ASSETCATALOG_COMPILER_GLOBAL_ACCENT_COLOR_NAME = AccentColor;
				CLANG_ANALYZER_NONNULL = YES;
				CLANG_ANALYZER_NUMBER_OBJECT_CONVERSION = YES_AGGRESSIVE;
				CLANG_CXX_LANGUAGE_STANDARD = "gnu++14";
				CLANG_CXX_LIBRARY = "libc++";
				CLANG_ENABLE_MODULES = YES;
				CLANG_ENABLE_OBJC_ARC = YES;
				CLANG_ENABLE_OBJC_WEAK = YES;
				CLANG_WARN_BLOCK_CAPTURE_AUTORELEASING = YES;
				CLANG_WARN_BOOL_CONVERSION = YES;
				CLANG_WARN_COMMA = YES;
				CLANG_WARN_CONSTANT_CONVERSION = YES;
				CLANG_WARN_DEPRECATED_OBJC_IMPLEMENTATIONS = YES;
				CLANG_WARN_DIRECT_OBJC_ISA_USAGE = YES_ERROR;
				CLANG_WARN_DOCUMENTATION_COMMENTS = YES;
				CLANG_WARN_EMPTY_BODY = YES;
				CLANG_WARN_ENUM_CONVERSION = YES;
				CLANG_WARN_INFINITE_RECURSION = YES;
				CLANG_WARN_INT_CONVERSION = YES;
				CLANG_WARN_NON_LITERAL_NULL_CONVERSION = YES;
				CLANG_WARN_OBJC_IMPLICIT_RETAIN_SELF = YES;
				CLANG_WARN_OBJC_LITERAL_CONVERSION = YES;
				CLANG_WARN_OBJC_ROOT_CLASS = YES_ERROR;
				CLANG_WARN_QUOTED_INCLUDE_IN_FRAMEWORK_HEADER = YES;
				CLANG_WARN_RANGE_LOOP_ANALYSIS = YES;
				CLANG_WARN_STRICT_PROTOTYPES = YES;
				CLANG_WARN_SUSPICIOUS_MOVE = YES;
				CLANG_WARN_UNGUARDED_AVAILABILITY = YES_AGGRESSIVE;
				CLANG_WARN_UNREACHABLE_CODE = YES;
				CLANG_WARN__DUPLICATE_METHOD_MATCH = YES;
				COPY_PHASE_STRIP = NO;
				CURRENT_PROJECT_VERSION = 1;
				DEBUG_INFORMATION_FORMAT = dwarf;
				DEVELOPMENT_TEAM = XU8HS9JUTS;
				ENABLE_STRICT_OBJC_MSGSEND = YES;
				ENABLE_TESTABILITY = YES;
				GCC_C_LANGUAGE_STANDARD = gnu11;
				GCC_DYNAMIC_NO_PIC = NO;
				GCC_NO_COMMON_BLOCKS = YES;
				GCC_OPTIMIZATION_LEVEL = 0;
				GCC_PREPROCESSOR_DEFINITIONS = (
					"$(inherited)",
					"DEBUG=1",
				);
				GCC_WARN_64_TO_32_BIT_CONVERSION = YES;
				GCC_WARN_ABOUT_RETURN_TYPE = YES_ERROR;
				GCC_WARN_UNDECLARED_SELECTOR = YES;
				GCC_WARN_UNINITIALIZED_AUTOS = YES_AGGRESSIVE;
				GCC_WARN_UNUSED_FUNCTION = YES;
				GCC_WARN_UNUSED_VARIABLE = YES;
				INFOPLIST_KEY_CFBundleDisplayName = Wander;
				INFOPLIST_KEY_LSApplicationCategoryType = "public.app-category.travel";
				IPHONEOS_DEPLOYMENT_TARGET = 17.0;
				MARKETING_VERSION = 1.0.0;
				MTL_ENABLE_DEBUG_INFO = INCLUDE_SOURCE;
				MTL_FAST_MATH = YES;
				ONLY_ACTIVE_ARCH = YES;
				PRODUCT_NAME = "$(TARGET_NAME)";
				SDKROOT = iphoneos;
				SWIFT_ACTIVE_COMPILATION_CONDITIONS = DEBUG;
				SWIFT_EMIT_LOC_STRINGS = YES;
				SWIFT_OPTIMIZATION_LEVEL = "-Onone";
				SWIFT_VERSION = 5.9;
			};
			name = Debug;
		};
		C514CDA863C7F4D1F8C6CF5E /* Release */ = {
			isa = XCBuildConfiguration;
			buildSettings = {
				ASSETCATALOG_COMPILER_APPICON_NAME = AppIcon;
				CODE_SIGN_ENTITLEMENTS = Wander.entitlements;
				CODE_SIGN_IDENTITY = "iPhone Developer";
				GENERATE_INFOPLIST_FILE = NO;
				INFOPLIST_FILE = Info.plist;
				LD_RUNPATH_SEARCH_PATHS = (
					"$(inherited)",
					"@executable_path/Frameworks",
				);
				PRODUCT_BUNDLE_IDENTIFIER = com.zerolive.wander;
				SDKROOT = iphoneos;
				SUPPORTED_PLATFORMS = "iphoneos iphonesimulator";
				SUPPORTS_MACCATALYST = NO;
				SUPPORTS_MAC_DESIGNED_FOR_IPHONE_IPAD = YES;
				SUPPORTS_XR_DESIGNED_FOR_IPHONE_IPAD = YES;
				TARGETED_DEVICE_FAMILY = "1,2";
			};
			name = Release;
		};
/* End XCBuildConfiguration section */

/* Begin XCConfigurationList section */
		48F40F5E41FF1B36B60E64DD /* Build configuration list for PBXNativeTarget "Wander" */ = {
			isa = XCConfigurationList;
			buildConfigurations = (
				1E3A51C39136BA462B778946 /* Debug */,
				C514CDA863C7F4D1F8C6CF5E /* Release */,
			);
			defaultConfigurationIsVisible = 0;
			defaultConfigurationName = Debug;
		};
		F9B4DCBD13A5F3108CE22518 /* Build configuration list for PBXProject "Wander" */ = {
			isa = XCConfigurationList;
			buildConfigurations = (
				98C77DC356FB1881F7298017 /* Debug */,
				98BE6269A1618DE2ECCB47B5 /* Release */,
			);
			defaultConfigurationIsVisible = 0;
			defaultConfigurationName = Debug;
		};
/* End XCConfigurationList section */

/* Begin XCRemoteSwiftPackageReference section */
		5172B5AD649857AF5C5C61BC /* XCRemoteSwiftPackageReference "Parchment" */ = {
			isa = XCRemoteSwiftPackageReference;
			repositoryURL = "https://github.com/rechsteiner/Parchment";
			requirement = {
				kind = upToNextMajorVersion;
				minimumVersion = 4.0.0;
			};
		};
/* End XCRemoteSwiftPackageReference section */

/* Begin XCSwiftPackageProductDependency section */
		BA7A184A0033F895D75B92DC /* Parchment */ = {
			isa = XCSwiftPackageProductDependency;
			package = 5172B5AD649857AF5C5C61BC /* XCRemoteSwiftPackageReference "Parchment" */;
			productName = Parchment;
		};
/* End XCSwiftPackageProductDependency section */
	};
	rootObject = 15ACB6487E48F756B4649314 /* Project object */;
}
